// !$*UTF8*$!
{
	archiveVersion = 1;
	classes = {
	};
	objectVersion = 46;
	objects = {

/* Begin PBXBuildFile section */
		4EB6496BCAB51F1EC4B5F062 /* libPods-PotatoMall.a in Frameworks */ = {isa = PBXBuildFile; fileRef = 786FBEE6DAF21E1944F06459 /* libPods-PotatoMall.a */; };
		BE30997F1E5C71AE0062EBA9 /* Assets.xcassets in Resources */ = {isa = PBXBuildFile; fileRef = BE30997E1E5C71AE0062EBA9 /* Assets.xcassets */; };
		BEAAA5F51E5D7D84008943EC /* HTNavgationController.m in Sources */ = {isa = PBXBuildFile; fileRef = BEAAA5F41E5D7D84008943EC /* HTNavgationController.m */; };
		BEAAA5F81E5D8069008943EC /* HomeTableController.m in Sources */ = {isa = PBXBuildFile; fileRef = BEAAA5F71E5D8069008943EC /* HomeTableController.m */; };
		BEC06DB51E5C76D300667D73 /* AppDelegate.m in Sources */ = {isa = PBXBuildFile; fileRef = BEC06DAE1E5C76D300667D73 /* AppDelegate.m */; };
		BEC06DB91E5C76F500667D73 /* main.m in Sources */ = {isa = PBXBuildFile; fileRef = BEC06DB81E5C76F500667D73 /* main.m */; };
		BEC06DD51E5C796300667D73 /* Home.storyboard in Resources */ = {isa = PBXBuildFile; fileRef = BEC06DD41E5C796300667D73 /* Home.storyboard */; };
		BEC06DD71E5C796D00667D73 /* Purchase.storyboard in Resources */ = {isa = PBXBuildFile; fileRef = BEC06DD61E5C796D00667D73 /* Purchase.storyboard */; };
		BEC06DD91E5C797500667D73 /* Me.storyboard in Resources */ = {isa = PBXBuildFile; fileRef = BEC06DD81E5C797500667D73 /* Me.storyboard */; };
		BEC06DDC1E5C79C700667D73 /* HTTabbarController.m in Sources */ = {isa = PBXBuildFile; fileRef = BEC06DDB1E5C79C700667D73 /* HTTabbarController.m */; };
		BEC06DE11E5C81A000667D73 /* Main.storyboard in Resources */ = {isa = PBXBuildFile; fileRef = BE30997B1E5C71AE0062EBA9 /* Main.storyboard */; };
/* End PBXBuildFile section */

/* Begin PBXFileReference section */
		3FAB3FE170A80D905C8EBAD6 /* Pods-PotatoMall.debug.xcconfig */ = {isa = PBXFileReference; includeInIndex = 1; lastKnownFileType = text.xcconfig; name = "Pods-PotatoMall.debug.xcconfig"; path = "Pods/Target Support Files/Pods-PotatoMall/Pods-PotatoMall.debug.xcconfig"; sourceTree = "<group>"; };
		786FBEE6DAF21E1944F06459 /* libPods-PotatoMall.a */ = {isa = PBXFileReference; explicitFileType = archive.ar; includeInIndex = 0; path = "libPods-PotatoMall.a"; sourceTree = BUILT_PRODUCTS_DIR; };
		81D94E15617EABD70CA237FA /* Pods-PotatoMall.release.xcconfig */ = {isa = PBXFileReference; includeInIndex = 1; lastKnownFileType = text.xcconfig; name = "Pods-PotatoMall.release.xcconfig"; path = "Pods/Target Support Files/Pods-PotatoMall/Pods-PotatoMall.release.xcconfig"; sourceTree = "<group>"; };
		BE30996F1E5C71AD0062EBA9 /* PotatoMall.app */ = {isa = PBXFileReference; explicitFileType = wrapper.application; includeInIndex = 0; path = PotatoMall.app; sourceTree = BUILT_PRODUCTS_DIR; };
		BE30997C1E5C71AE0062EBA9 /* Base */ = {isa = PBXFileReference; lastKnownFileType = file.storyboard; name = Base; path = Base.lproj/Main.storyboard; sourceTree = "<group>"; };
		BE30997E1E5C71AE0062EBA9 /* Assets.xcassets */ = {isa = PBXFileReference; lastKnownFileType = folder.assetcatalog; path = Assets.xcassets; sourceTree = "<group>"; };
		BE3099811E5C71AE0062EBA9 /* Base */ = {isa = PBXFileReference; lastKnownFileType = file.storyboard; name = Base; path = Base.lproj/LaunchScreen.storyboard; sourceTree = "<group>"; };
		BEAAA5F31E5D7D84008943EC /* HTNavgationController.h */ = {isa = PBXFileReference; fileEncoding = 4; lastKnownFileType = sourcecode.c.h; path = HTNavgationController.h; sourceTree = "<group>"; };
		BEAAA5F41E5D7D84008943EC /* HTNavgationController.m */ = {isa = PBXFileReference; fileEncoding = 4; lastKnownFileType = sourcecode.c.objc; path = HTNavgationController.m; sourceTree = "<group>"; };
		BEAAA5F61E5D8069008943EC /* HomeTableController.h */ = {isa = PBXFileReference; fileEncoding = 4; lastKnownFileType = sourcecode.c.h; path = HomeTableController.h; sourceTree = "<group>"; };
		BEAAA5F71E5D8069008943EC /* HomeTableController.m */ = {isa = PBXFileReference; fileEncoding = 4; lastKnownFileType = sourcecode.c.objc; path = HomeTableController.m; sourceTree = "<group>"; };
		BEC06DAD1E5C76D300667D73 /* AppDelegate.h */ = {isa = PBXFileReference; fileEncoding = 4; lastKnownFileType = sourcecode.c.h; name = AppDelegate.h; path = ../../AppDelegate.h; sourceTree = "<group>"; };
		BEC06DAE1E5C76D300667D73 /* AppDelegate.m */ = {isa = PBXFileReference; fileEncoding = 4; lastKnownFileType = sourcecode.c.objc; name = AppDelegate.m; path = ../../AppDelegate.m; sourceTree = "<group>"; };
		BEC06DB81E5C76F500667D73 /* main.m */ = {isa = PBXFileReference; fileEncoding = 4; lastKnownFileType = sourcecode.c.objc; path = main.m; sourceTree = "<group>"; };
		BEC06DBA1E5C771F00667D73 /* Info.plist */ = {isa = PBXFileReference; fileEncoding = 4; lastKnownFileType = text.plist.xml; path = Info.plist; sourceTree = "<group>"; };
		BEC06DD41E5C796300667D73 /* Home.storyboard */ = {isa = PBXFileReference; fileEncoding = 4; lastKnownFileType = file.storyboard; path = Home.storyboard; sourceTree = "<group>"; };
		BEC06DD61E5C796D00667D73 /* Purchase.storyboard */ = {isa = PBXFileReference; fileEncoding = 4; lastKnownFileType = file.storyboard; path = Purchase.storyboard; sourceTree = "<group>"; };
		BEC06DD81E5C797500667D73 /* Me.storyboard */ = {isa = PBXFileReference; fileEncoding = 4; lastKnownFileType = file.storyboard; path = Me.storyboard; sourceTree = "<group>"; };
		BEC06DDA1E5C79C700667D73 /* HTTabbarController.h */ = {isa = PBXFileReference; fileEncoding = 4; lastKnownFileType = sourcecode.c.h; path = HTTabbarController.h; sourceTree = "<group>"; };
		BEC06DDB1E5C79C700667D73 /* HTTabbarController.m */ = {isa = PBXFileReference; fileEncoding = 4; lastKnownFileType = sourcecode.c.objc; path = HTTabbarController.m; sourceTree = "<group>"; };
		BEC06DDE1E5C7A6D00667D73 /* TudouColor.h */ = {isa = PBXFileReference; lastKnownFileType = sourcecode.c.h; path = TudouColor.h; sourceTree = "<group>"; };
		BEC06DDF1E5C7AD400667D73 /* TuDouPrefixHeader.pch */ = {isa = PBXFileReference; lastKnownFileType = sourcecode.c.h; path = TuDouPrefixHeader.pch; sourceTree = "<group>"; };
/* End PBXFileReference section */

/* Begin PBXFrameworksBuildPhase section */
		BE30996C1E5C71AD0062EBA9 /* Frameworks */ = {
			isa = PBXFrameworksBuildPhase;
			buildActionMask = 2147483647;
			files = (
				4EB6496BCAB51F1EC4B5F062 /* libPods-PotatoMall.a in Frameworks */,
			);
			runOnlyForDeploymentPostprocessing = 0;
		};
/* End PBXFrameworksBuildPhase section */

/* Begin PBXGroup section */
		94F3168BB54E218012B16116 /* Frameworks */ = {
			isa = PBXGroup;
			children = (
				786FBEE6DAF21E1944F06459 /* libPods-PotatoMall.a */,
			);
			name = Frameworks;
			sourceTree = "<group>";
		};
		99153BE78D3DDACF85131DF1 /* Pods */ = {
			isa = PBXGroup;
			children = (
				3FAB3FE170A80D905C8EBAD6 /* Pods-PotatoMall.debug.xcconfig */,
				81D94E15617EABD70CA237FA /* Pods-PotatoMall.release.xcconfig */,
			);
			name = Pods;
			sourceTree = "<group>";
		};
		BE3099661E5C71AD0062EBA9 = {
			isa = PBXGroup;
			children = (
				BE3099711E5C71AD0062EBA9 /* PotatoMall */,
				BE3099701E5C71AD0062EBA9 /* Products */,
				99153BE78D3DDACF85131DF1 /* Pods */,
				94F3168BB54E218012B16116 /* Frameworks */,
			);
			sourceTree = "<group>";
		};
		BE3099701E5C71AD0062EBA9 /* Products */ = {
			isa = PBXGroup;
			children = (
				BE30996F1E5C71AD0062EBA9 /* PotatoMall.app */,
			);
			name = Products;
			sourceTree = "<group>";
		};
		BE3099711E5C71AD0062EBA9 /* PotatoMall */ = {
			isa = PBXGroup;
			children = (
				BEC06DAC1E5C76D300667D73 /* Classes */,
				BE30997E1E5C71AE0062EBA9 /* Assets.xcassets */,
				BE3099801E5C71AE0062EBA9 /* LaunchScreen.storyboard */,
				BE30997B1E5C71AE0062EBA9 /* Main.storyboard */,
				BEC06DBA1E5C771F00667D73 /* Info.plist */,
				BE3099721E5C71AE0062EBA9 /* Supporting Files */,
			);
			path = PotatoMall;
			sourceTree = "<group>";
		};
		BE3099721E5C71AE0062EBA9 /* Supporting Files */ = {
			isa = PBXGroup;
			children = (
				BEC06DB81E5C76F500667D73 /* main.m */,
			);
			name = "Supporting Files";
			sourceTree = "<group>";
		};
		BEC06DAC1E5C76D300667D73 /* Classes */ = {
			isa = PBXGroup;
			children = (
				BEC06DAF1E5C76D300667D73 /* Base */,
				BEC06DCC1E5C792600667D73 /* Home(首页) */,
				BEC06DC81E5C78F600667D73 /* Purchase(采购) */,
				BEC06DD01E5C792600667D73 /* Me(我) */,
			);
			path = Classes;
			sourceTree = "<group>";
		};
		BEC06DAF1E5C76D300667D73 /* Base */ = {
			isa = PBXGroup;
			children = (
				BEC06DDD1E5C7A3F00667D73 /* macro */,
				BEC06DC11E5C785000667D73 /* controller */,
				BEC06DBC1E5C77D000667D73 /* category */,
				BEC06DBD1E5C77D000667D73 /* http */,
				BEC06DBE1E5C77D000667D73 /* other */,
				BEC06DBF1E5C77D000667D73 /* util */,
				BEC06DC01E5C77D000667D73 /* view */,
			);
			path = Base;
			sourceTree = "<group>";
		};
		BEC06DBC1E5C77D000667D73 /* category */ = {
			isa = PBXGroup;
			children = (
			);
			path = category;
			sourceTree = "<group>";
		};
		BEC06DBD1E5C77D000667D73 /* http */ = {
			isa = PBXGroup;
			children = (
			);
			path = http;
			sourceTree = "<group>";
		};
		BEC06DBE1E5C77D000667D73 /* other */ = {
			isa = PBXGroup;
			children = (
				BEC06DAE1E5C76D300667D73 /* AppDelegate.m */,
				BEC06DAD1E5C76D300667D73 /* AppDelegate.h */,
				BEC06DDF1E5C7AD400667D73 /* TuDouPrefixHeader.pch */,
			);
			path = other;
			sourceTree = "<group>";
		};
		BEC06DBF1E5C77D000667D73 /* util */ = {
			isa = PBXGroup;
			children = (
			);
			path = util;
			sourceTree = "<group>";
		};
		BEC06DC01E5C77D000667D73 /* view */ = {
			isa = PBXGroup;
			children = (
			);
			path = view;
			sourceTree = "<group>";
		};
		BEC06DC11E5C785000667D73 /* controller */ = {
			isa = PBXGroup;
			children = (
				BEC06DDA1E5C79C700667D73 /* HTTabbarController.h */,
				BEC06DDB1E5C79C700667D73 /* HTTabbarController.m */,
				BEAAA5F31E5D7D84008943EC /* HTNavgationController.h */,
				BEAAA5F41E5D7D84008943EC /* HTNavgationController.m */,
			);
			path = controller;
			sourceTree = "<group>";
		};
		BEC06DC81E5C78F600667D73 /* Purchase(采购) */ = {
			isa = PBXGroup;
			children = (
				BEC06DC91E5C78F600667D73 /* controller */,
				BEC06DCA1E5C78F600667D73 /* model */,
				BEC06DCB1E5C78F600667D73 /* view */,
			);
			path = "Purchase(采购)";
			sourceTree = "<group>";
		};
		BEC06DC91E5C78F600667D73 /* controller */ = {
			isa = PBXGroup;
			children = (
			);
			path = controller;
			sourceTree = "<group>";
		};
		BEC06DCA1E5C78F600667D73 /* model */ = {
			isa = PBXGroup;
			children = (
			);
			path = model;
			sourceTree = "<group>";
		};
		BEC06DCB1E5C78F600667D73 /* view */ = {
			isa = PBXGroup;
			children = (
				BEC06DD61E5C796D00667D73 /* Purchase.storyboard */,
			);
			path = view;
			sourceTree = "<group>";
		};
		BEC06DCC1E5C792600667D73 /* Home(首页) */ = {
			isa = PBXGroup;
			children = (
				BEC06DCD1E5C792600667D73 /* controller */,
				BEC06DCE1E5C792600667D73 /* model */,
				BEC06DCF1E5C792600667D73 /* view */,
			);
			path = "Home(首页)";
			sourceTree = "<group>";
		};
		BEC06DCD1E5C792600667D73 /* controller */ = {
			isa = PBXGroup;
			children = (
				BEAAA5F61E5D8069008943EC /* HomeTableController.h */,
				BEAAA5F71E5D8069008943EC /* HomeTableController.m */,
			);
			path = controller;
			sourceTree = "<group>";
		};
		BEC06DCE1E5C792600667D73 /* model */ = {
			isa = PBXGroup;
			children = (
			);
			path = model;
			sourceTree = "<group>";
		};
		BEC06DCF1E5C792600667D73 /* view */ = {
			isa = PBXGroup;
			children = (
				BEC06DD41E5C796300667D73 /* Home.storyboard */,
			);
			path = view;
			sourceTree = "<group>";
		};
		BEC06DD01E5C792600667D73 /* Me(我) */ = {
			isa = PBXGroup;
			children = (
				BEC06DD11E5C792600667D73 /* controller */,
				BEC06DD21E5C792600667D73 /* model */,
				BEC06DD31E5C792600667D73 /* view */,
			);
			path = "Me(我)";
			sourceTree = "<group>";
		};
		BEC06DD11E5C792600667D73 /* controller */ = {
			isa = PBXGroup;
			children = (
			);
			path = controller;
			sourceTree = "<group>";
		};
		BEC06DD21E5C792600667D73 /* model */ = {
			isa = PBXGroup;
			children = (
			);
			path = model;
			sourceTree = "<group>";
		};
		BEC06DD31E5C792600667D73 /* view */ = {
			isa = PBXGroup;
			children = (
				BEC06DD81E5C797500667D73 /* Me.storyboard */,
			);
			path = view;
			sourceTree = "<group>";
		};
		BEC06DDD1E5C7A3F00667D73 /* macro */ = {
			isa = PBXGroup;
			children = (
				BEC06DDE1E5C7A6D00667D73 /* TudouColor.h */,
			);
			path = macro;
			sourceTree = "<group>";
		};
/* End PBXGroup section */

/* Begin PBXNativeTarget section */
		BE30996E1E5C71AD0062EBA9 /* PotatoMall */ = {
			isa = PBXNativeTarget;
			buildConfigurationList = BE3099861E5C71AE0062EBA9 /* Build configuration list for PBXNativeTarget "PotatoMall" */;
			buildPhases = (
				A8ABF135612A24D8DF00240B /* [CP] Check Pods Manifest.lock */,
				BE30996B1E5C71AD0062EBA9 /* Sources */,
				BE30996C1E5C71AD0062EBA9 /* Frameworks */,
				BE30996D1E5C71AD0062EBA9 /* Resources */,
				43070B6527AA16E5FE52DBB2 /* [CP] Embed Pods Frameworks */,
				2BC7C1225AD032E4687227DB /* [CP] Copy Pods Resources */,
			);
			buildRules = (
			);
			dependencies = (
			);
			name = PotatoMall;
			productName = PotatoMall;
			productReference = BE30996F1E5C71AD0062EBA9 /* PotatoMall.app */;
			productType = "com.apple.product-type.application";
		};
/* End PBXNativeTarget section */

/* Begin PBXProject section */
		BE3099671E5C71AD0062EBA9 /* Project object */ = {
			isa = PBXProject;
			attributes = {
				LastUpgradeCheck = 0820;
				ORGANIZATIONNAME = taotao;
				TargetAttributes = {
					BE30996E1E5C71AD0062EBA9 = {
						CreatedOnToolsVersion = 8.2.1;
						DevelopmentTeam = YTV9736654;
						ProvisioningStyle = Automatic;
					};
				};
			};
			buildConfigurationList = BE30996A1E5C71AD0062EBA9 /* Build configuration list for PBXProject "PotatoMall" */;
			compatibilityVersion = "Xcode 3.2";
			developmentRegion = English;
			hasScannedForEncodings = 0;
			knownRegions = (
				en,
				Base,
			);
			mainGroup = BE3099661E5C71AD0062EBA9;
			productRefGroup = BE3099701E5C71AD0062EBA9 /* Products */;
			projectDirPath = "";
			projectRoot = "";
			targets = (
				BE30996E1E5C71AD0062EBA9 /* PotatoMall */,
			);
		};
/* End PBXProject section */

/* Begin PBXResourcesBuildPhase section */
		BE30996D1E5C71AD0062EBA9 /* Resources */ = {
			isa = PBXResourcesBuildPhase;
			buildActionMask = 2147483647;
			files = (
				BEC06DE11E5C81A000667D73 /* Main.storyboard in Resources */,
				BEC06DD51E5C796300667D73 /* Home.storyboard in Resources */,
				BE30997F1E5C71AE0062EBA9 /* Assets.xcassets in Resources */,
				BEC06DD71E5C796D00667D73 /* Purchase.storyboard in Resources */,
				BEC06DD91E5C797500667D73 /* Me.storyboard in Resources */,
			);
			runOnlyForDeploymentPostprocessing = 0;
		};
/* End PBXResourcesBuildPhase section */

/* Begin PBXShellScriptBuildPhase section */
		2BC7C1225AD032E4687227DB /* [CP] Copy Pods Resources */ = {
			isa = PBXShellScriptBuildPhase;
			buildActionMask = 2147483647;
			files = (
			);
			inputPaths = (
			);
			name = "[CP] Copy Pods Resources";
			outputPaths = (
			);
			runOnlyForDeploymentPostprocessing = 0;
			shellPath = /bin/sh;
			shellScript = "\"${SRCROOT}/Pods/Target Support Files/Pods-PotatoMall/Pods-PotatoMall-resources.sh\"\n";
			showEnvVarsInLog = 0;
		};
		43070B6527AA16E5FE52DBB2 /* [CP] Embed Pods Frameworks */ = {
			isa = PBXShellScriptBuildPhase;
			buildActionMask = 2147483647;
			files = (
			);
			inputPaths = (
			);
			name = "[CP] Embed Pods Frameworks";
			outputPaths = (
			);
			runOnlyForDeploymentPostprocessing = 0;
			shellPath = /bin/sh;
			shellScript = "\"${SRCROOT}/Pods/Target Support Files/Pods-PotatoMall/Pods-PotatoMall-frameworks.sh\"\n";
			showEnvVarsInLog = 0;
		};
		A8ABF135612A24D8DF00240B /* [CP] Check Pods Manifest.lock */ = {
			isa = PBXShellScriptBuildPhase;
			buildActionMask = 2147483647;
			files = (
			);
			inputPaths = (
			);
			name = "[CP] Check Pods Manifest.lock";
			outputPaths = (
			);
			runOnlyForDeploymentPostprocessing = 0;
			shellPath = /bin/sh;
			shellScript = "diff \"${PODS_ROOT}/../Podfile.lock\" \"${PODS_ROOT}/Manifest.lock\" > /dev/null\nif [ $? != 0 ] ; then\n    # print error to STDERR\n    echo \"error: The sandbox is not in sync with the Podfile.lock. Run 'pod install' or update your CocoaPods installation.\" >&2\n    exit 1\nfi\n";
			showEnvVarsInLog = 0;
		};
/* End PBXShellScriptBuildPhase section */

/* Begin PBXSourcesBuildPhase section */
		BE30996B1E5C71AD0062EBA9 /* Sources */ = {
			isa = PBXSourcesBuildPhase;
			buildActionMask = 2147483647;
			files = (
				BEC06DB51E5C76D300667D73 /* AppDelegate.m in Sources */,
				BEAAA5F81E5D8069008943EC /* HomeTableController.m in Sources */,
				BEAAA5F51E5D7D84008943EC /* HTNavgationController.m in Sources */,
				BEC06DB91E5C76F500667D73 /* main.m in Sources */,
				BEC06DDC1E5C79C700667D73 /* HTTabbarController.m in Sources */,
			);
			runOnlyForDeploymentPostprocessing = 0;
		};
/* End PBXSourcesBuildPhase section */

/* Begin PBXVariantGroup section */
		BE30997B1E5C71AE0062EBA9 /* Main.storyboard */ = {
			isa = PBXVariantGroup;
			children = (
				BE30997C1E5C71AE0062EBA9 /* Base */,
			);
			name = Main.storyboard;
			sourceTree = "<group>";
		};
		BE3099801E5C71AE0062EBA9 /* LaunchScreen.storyboard */ = {
			isa = PBXVariantGroup;
			children = (
				BE3099811E5C71AE0062EBA9 /* Base */,
			);
			name = LaunchScreen.storyboard;
			sourceTree = "<group>";
		};
/* End PBXVariantGroup section */

/* Begin XCBuildConfiguration section */
		BE3099841E5C71AE0062EBA9 /* Debug */ = {
			isa = XCBuildConfiguration;
			buildSettings = {
				ALWAYS_SEARCH_USER_PATHS = NO;
				CLANG_ANALYZER_NONNULL = YES;
				CLANG_CXX_LANGUAGE_STANDARD = "gnu++0x";
				CLANG_CXX_LIBRARY = "libc++";
				CLANG_ENABLE_MODULES = YES;
				CLANG_ENABLE_OBJC_ARC = YES;
				CLANG_WARN_BOOL_CONVERSION = YES;
				CLANG_WARN_CONSTANT_CONVERSION = YES;
				CLANG_WARN_DIRECT_OBJC_ISA_USAGE = YES_ERROR;
				CLANG_WARN_DOCUMENTATION_COMMENTS = YES;
				CLANG_WARN_EMPTY_BODY = YES;
				CLANG_WARN_ENUM_CONVERSION = YES;
				CLANG_WARN_INFINITE_RECURSION = YES;
				CLANG_WARN_INT_CONVERSION = YES;
				CLANG_WARN_OBJC_ROOT_CLASS = YES_ERROR;
				CLANG_WARN_SUSPICIOUS_MOVE = YES;
				CLANG_WARN_UNREACHABLE_CODE = YES;
				CLANG_WARN__DUPLICATE_METHOD_MATCH = YES;
				"CODE_SIGN_IDENTITY[sdk=iphoneos*]" = "iPhone Developer";
				COPY_PHASE_STRIP = NO;
				DEBUG_INFORMATION_FORMAT = dwarf;
				ENABLE_STRICT_OBJC_MSGSEND = YES;
				ENABLE_TESTABILITY = YES;
				GCC_C_LANGUAGE_STANDARD = gnu99;
				GCC_DYNAMIC_NO_PIC = NO;
				GCC_NO_COMMON_BLOCKS = YES;
				GCC_OPTIMIZATION_LEVEL = 0;
				GCC_PREPROCESSOR_DEFINITIONS = (
					"DEBUG=1",
					"$(inherited)",
				);
				GCC_WARN_64_TO_32_BIT_CONVERSION = YES;
				GCC_WARN_ABOUT_RETURN_TYPE = YES_ERROR;
				GCC_WARN_UNDECLARED_SELECTOR = YES;
				GCC_WARN_UNINITIALIZED_AUTOS = YES_AGGRESSIVE;
				GCC_WARN_UNUSED_FUNCTION = YES;
				GCC_WARN_UNUSED_VARIABLE = YES;
				IPHONEOS_DEPLOYMENT_TARGET = 10.2;
				MTL_ENABLE_DEBUG_INFO = YES;
				ONLY_ACTIVE_ARCH = YES;
				SDKROOT = iphoneos;
			};
			name = Debug;
		};
		BE3099851E5C71AE0062EBA9 /* Release */ = {
			isa = XCBuildConfiguration;
			buildSettings = {
				ALWAYS_SEARCH_USER_PATHS = NO;
				CLANG_ANALYZER_NONNULL = YES;
				CLANG_CXX_LANGUAGE_STANDARD = "gnu++0x";
				CLANG_CXX_LIBRARY = "libc++";
				CLANG_ENABLE_MODULES = YES;
				CLANG_ENABLE_OBJC_ARC = YES;
				CLANG_WARN_BOOL_CONVERSION = YES;
				CLANG_WARN_CONSTANT_CONVERSION = YES;
				CLANG_WARN_DIRECT_OBJC_ISA_USAGE = YES_ERROR;
				CLANG_WARN_DOCUMENTATION_COMMENTS = YES;
				CLANG_WARN_EMPTY_BODY = YES;
				CLANG_WARN_ENUM_CONVERSION = YES;
				CLANG_WARN_INFINITE_RECURSION = YES;
				CLANG_WARN_INT_CONVERSION = YES;
				CLANG_WARN_OBJC_ROOT_CLASS = YES_ERROR;
				CLANG_WARN_SUSPICIOUS_MOVE = YES;
				CLANG_WARN_UNREACHABLE_CODE = YES;
				CLANG_WARN__DUPLICATE_METHOD_MATCH = YES;
				"CODE_SIGN_IDENTITY[sdk=iphoneos*]" = "iPhone Developer";
				COPY_PHASE_STRIP = NO;
				DEBUG_INFORMATION_FORMAT = "dwarf-with-dsym";
				ENABLE_NS_ASSERTIONS = NO;
				ENABLE_STRICT_OBJC_MSGSEND = YES;
				GCC_C_LANGUAGE_STANDARD = gnu99;
				GCC_NO_COMMON_BLOCKS = YES;
				GCC_WARN_64_TO_32_BIT_CONVERSION = YES;
				GCC_WARN_ABOUT_RETURN_TYPE = YES_ERROR;
				GCC_WARN_UNDECLARED_SELECTOR = YES;
				GCC_WARN_UNINITIALIZED_AUTOS = YES_AGGRESSIVE;
				GCC_WARN_UNUSED_FUNCTION = YES;
				GCC_WARN_UNUSED_VARIABLE = YES;
				IPHONEOS_DEPLOYMENT_TARGET = 10.2;
				MTL_ENABLE_DEBUG_INFO = NO;
				SDKROOT = iphoneos;
				VALIDATE_PRODUCT = YES;
			};
			name = Release;
		};
		BE3099871E5C71AE0062EBA9 /* Debug */ = {
			isa = XCBuildConfiguration;
			baseConfigurationReference = 3FAB3FE170A80D905C8EBAD6 /* Pods-PotatoMall.debug.xcconfig */;
			buildSettings = {
				ASSETCATALOG_COMPILER_APPICON_NAME = AppIcon;
				DEVELOPMENT_TEAM = YTV9736654;
				GCC_PRECOMPILE_PREFIX_HEADER = YES;
				GCC_PREFIX_HEADER = "$(SRCROOT)/PotatoMall/Classes/Base/other/TuDouPrefixHeader.pch";
				INFOPLIST_FILE = PotatoMall/Info.plist;
				IPHONEOS_DEPLOYMENT_TARGET = 9.0;
				LD_RUNPATH_SEARCH_PATHS = "$(inherited) @executable_path/Frameworks";
				PRODUCT_BUNDLE_IDENTIFIER = com.xianz.PotatoMall;
				PRODUCT_NAME = "$(TARGET_NAME)";
			};
			name = Debug;
		};
		BE3099881E5C71AE0062EBA9 /* Release */ = {
			isa = XCBuildConfiguration;
			baseConfigurationReference = 81D94E15617EABD70CA237FA /* Pods-PotatoMall.release.xcconfig */;
			buildSettings = {
				ASSETCATALOG_COMPILER_APPICON_NAME = AppIcon;
				DEVELOPMENT_TEAM = YTV9736654;
				GCC_PRECOMPILE_PREFIX_HEADER = YES;
				GCC_PREFIX_HEADER = "$(SRCROOT)/PotatoMall/Classes/Base/other/TuDouPrefixHeader.pch";
				INFOPLIST_FILE = PotatoMall/Info.plist;
				IPHONEOS_DEPLOYMENT_TARGET = 9.0;
				LD_RUNPATH_SEARCH_PATHS = "$(inherited) @executable_path/Frameworks";
				PRODUCT_BUNDLE_IDENTIFIER = com.xianz.PotatoMall;
				PRODUCT_NAME = "$(TARGET_NAME)";
			};
			name = Release;
		};
/* End XCBuildConfiguration section */

/* Begin XCConfigurationList section */
		BE30996A1E5C71AD0062EBA9 /* Build configuration list for PBXProject "PotatoMall" */ = {
			isa = XCConfigurationList;
			buildConfigurations = (
				BE3099841E5C71AE0062EBA9 /* Debug */,
				BE3099851E5C71AE0062EBA9 /* Release */,
			);
			defaultConfigurationIsVisible = 0;
			defaultConfigurationName = Release;
		};
		BE3099861E5C71AE0062EBA9 /* Build configuration list for PBXNativeTarget "PotatoMall" */ = {
			isa = XCConfigurationList;
			buildConfigurations = (
				BE3099871E5C71AE0062EBA9 /* Debug */,
				BE3099881E5C71AE0062EBA9 /* Release */,
			);
			defaultConfigurationIsVisible = 0;
			defaultConfigurationName = Release;
		};
/* End XCConfigurationList section */
	};
	rootObject = BE3099671E5C71AD0062EBA9 /* Project object */;
}
