// !$*UTF8*$!
{
	archiveVersion = 1;
	classes = {
	};
	objectVersion = 46;
	objects = {

/* Begin PBXBuildFile section */
		4EB6496BCAB51F1EC4B5F062 /* libPods-PotatoMall.a in Frameworks */ = {isa = PBXBuildFile; fileRef = 786FBEE6DAF21E1944F06459 /* libPods-PotatoMall.a */; };
		BE2FDFCC1E61219B00A96E17 /* HomwTableHeader.m in Sources */ = {isa = PBXBuildFile; fileRef = BE2FDFCB1E61219B00A96E17 /* HomwTableHeader.m */; };
		BE30997F1E5C71AE0062EBA9 /* Assets.xcassets in Resources */ = {isa = PBXBuildFile; fileRef = BE30997E1E5C71AE0062EBA9 /* Assets.xcassets */; };
		BE3F47C31E63DD9200E00C26 /* MeInfoTableController.m in Sources */ = {isa = PBXBuildFile; fileRef = BE3F47C21E63DD9200E00C26 /* MeInfoTableController.m */; };
		BE5496AA1E60321C00A19940 /* RequestUtil.m in Sources */ = {isa = PBXBuildFile; fileRef = BE5496A91E60321C00A19940 /* RequestUtil.m */; };
		BE55354B1E5EA17A0021E2C6 /* UIViewController+NavigationBar.m in Sources */ = {isa = PBXBuildFile; fileRef = BE55354A1E5EA17A0021E2C6 /* UIViewController+NavigationBar.m */; };
		BE59A4711E63CEE00077D9AD /* MeMenus.plist in Resources */ = {isa = PBXBuildFile; fileRef = BE59A4701E63CEE00077D9AD /* MeMenus.plist */; };
		BE59A47C1E63D8520077D9AD /* MeSettingTableController.m in Sources */ = {isa = PBXBuildFile; fileRef = BE59A47B1E63D8520077D9AD /* MeSettingTableController.m */; };
		BE5B80391E5F15CD005FDE1A /* SearchTableController.m in Sources */ = {isa = PBXBuildFile; fileRef = BE5B80381E5F15CD005FDE1A /* SearchTableController.m */; };
		BE5B803E1E5F1F12005FDE1A /* HotArticleCell.m in Sources */ = {isa = PBXBuildFile; fileRef = BE5B803C1E5F1F12005FDE1A /* HotArticleCell.m */; };
		BE5B803F1E5F1F12005FDE1A /* HotArticleCell.xib in Resources */ = {isa = PBXBuildFile; fileRef = BE5B803D1E5F1F12005FDE1A /* HotArticleCell.xib */; };
		BE5B80421E5F2783005FDE1A /* SectionHeaderTitle.m in Sources */ = {isa = PBXBuildFile; fileRef = BE5B80411E5F2783005FDE1A /* SectionHeaderTitle.m */; };
		BE5ED79A1E619C3600C4B1D0 /* BaseViewController.m in Sources */ = {isa = PBXBuildFile; fileRef = BE5ED7991E619C3600C4B1D0 /* BaseViewController.m */; };
		BE5ED79D1E619E6A00C4B1D0 /* BaseTableViewController.m in Sources */ = {isa = PBXBuildFile; fileRef = BE5ED79C1E619E6A00C4B1D0 /* BaseTableViewController.m */; };
		BE5ED7A01E619FAC00C4B1D0 /* AritcleDetailController.m in Sources */ = {isa = PBXBuildFile; fileRef = BE5ED79F1E619FAC00C4B1D0 /* AritcleDetailController.m */; };
		BE5ED7AA1E61B3F700C4B1D0 /* Reachability.m in Sources */ = {isa = PBXBuildFile; fileRef = BE5ED7A91E61B3F700C4B1D0 /* Reachability.m */; };
		BE5ED7B01E61C06000C4B1D0 /* UIImage+Color.m in Sources */ = {isa = PBXBuildFile; fileRef = BE5ED7AF1E61C06000C4B1D0 /* UIImage+Color.m */; };
		BE5ED7C01E6256C300C4B1D0 /* RadiusButton.m in Sources */ = {isa = PBXBuildFile; fileRef = BE5ED7BF1E6256C300C4B1D0 /* RadiusButton.m */; };
		BE5ED7C31E62579700C4B1D0 /* NSString+Extentsion.m in Sources */ = {isa = PBXBuildFile; fileRef = BE5ED7C21E62579700C4B1D0 /* NSString+Extentsion.m */; };
		BE5ED7D31E628DD800C4B1D0 /* AppInfoHelper.m in Sources */ = {isa = PBXBuildFile; fileRef = BE5ED7D21E628DD800C4B1D0 /* AppInfoHelper.m */; };
		BE5ED7DA1E62B14D00C4B1D0 /* UserModelUtil.m in Sources */ = {isa = PBXBuildFile; fileRef = BE5ED7D91E62B14D00C4B1D0 /* UserModelUtil.m */; };
		BE5ED7E51E62B29000C4B1D0 /* GTMBase64.m in Sources */ = {isa = PBXBuildFile; fileRef = BE5ED7DE1E62B29000C4B1D0 /* GTMBase64.m */; };
		BE5ED7E61E62B29000C4B1D0 /* README.md in Sources */ = {isa = PBXBuildFile; fileRef = BE5ED7E01E62B29000C4B1D0 /* README.md */; };
		BE5ED7E71E62B29000C4B1D0 /* NSData+AES.m in Sources */ = {isa = PBXBuildFile; fileRef = BE5ED7E21E62B29000C4B1D0 /* NSData+AES.m */; };
		BE5ED7E81E62B29000C4B1D0 /* SecurityUtil.m in Sources */ = {isa = PBXBuildFile; fileRef = BE5ED7E41E62B29000C4B1D0 /* SecurityUtil.m */; };
		BE5ED7F81E62B90900C4B1D0 /* LoginViewController.m in Sources */ = {isa = PBXBuildFile; fileRef = BE5ED7EC1E62B90900C4B1D0 /* LoginViewController.m */; };
		BE5ED7F91E62B90900C4B1D0 /* PasswordBackController.m in Sources */ = {isa = PBXBuildFile; fileRef = BE5ED7EE1E62B90900C4B1D0 /* PasswordBackController.m */; };
		BE5ED7FA1E62B90900C4B1D0 /* PwdBackController.m in Sources */ = {isa = PBXBuildFile; fileRef = BE5ED7F01E62B90900C4B1D0 /* PwdBackController.m */; };
		BE5ED7FB1E62B90900C4B1D0 /* RegisterController.m in Sources */ = {isa = PBXBuildFile; fileRef = BE5ED7F21E62B90900C4B1D0 /* RegisterController.m */; };
		BE5ED7FC1E62B90900C4B1D0 /* UserModel.m in Sources */ = {isa = PBXBuildFile; fileRef = BE5ED7F51E62B90900C4B1D0 /* UserModel.m */; };
		BE5ED7FD1E62B90900C4B1D0 /* Login.storyboard in Resources */ = {isa = PBXBuildFile; fileRef = BE5ED7F71E62B90900C4B1D0 /* Login.storyboard */; };
		BE8FA4E21E645E6B00F92C46 /* DataUtil.m in Sources */ = {isa = PBXBuildFile; fileRef = BE8FA4E11E645E6B00F92C46 /* DataUtil.m */; };
		BE8FA4E51E6460F500F92C46 /* User.m in Sources */ = {isa = PBXBuildFile; fileRef = BE8FA4E41E6460F500F92C46 /* User.m */; };
		BE8FA4E81E646C2D00F92C46 /* ArticleModel.m in Sources */ = {isa = PBXBuildFile; fileRef = BE8FA4E71E646C2D00F92C46 /* ArticleModel.m */; };
		BEAAA5F51E5D7D84008943EC /* HTNavgationController.m in Sources */ = {isa = PBXBuildFile; fileRef = BEAAA5F41E5D7D84008943EC /* HTNavgationController.m */; };
		BEAAA5F81E5D8069008943EC /* HomeTableController.m in Sources */ = {isa = PBXBuildFile; fileRef = BEAAA5F71E5D8069008943EC /* HomeTableController.m */; };
		BEAAA5FB1E5D85E8008943EC /* UIView+PositionExt.m in Sources */ = {isa = PBXBuildFile; fileRef = BEAAA5FA1E5D85E8008943EC /* UIView+PositionExt.m */; };
		BEC06DB51E5C76D300667D73 /* AppDelegate.m in Sources */ = {isa = PBXBuildFile; fileRef = BEC06DAE1E5C76D300667D73 /* AppDelegate.m */; };
		BEC06DB91E5C76F500667D73 /* main.m in Sources */ = {isa = PBXBuildFile; fileRef = BEC06DB81E5C76F500667D73 /* main.m */; };
		BEC06DD51E5C796300667D73 /* Home.storyboard in Resources */ = {isa = PBXBuildFile; fileRef = BEC06DD41E5C796300667D73 /* Home.storyboard */; };
		BEC06DD71E5C796D00667D73 /* Purchase.storyboard in Resources */ = {isa = PBXBuildFile; fileRef = BEC06DD61E5C796D00667D73 /* Purchase.storyboard */; };
		BEC06DDC1E5C79C700667D73 /* HTTabbarController.m in Sources */ = {isa = PBXBuildFile; fileRef = BEC06DDB1E5C79C700667D73 /* HTTabbarController.m */; };
		BEC06DE11E5C81A000667D73 /* Main.storyboard in Resources */ = {isa = PBXBuildFile; fileRef = BE30997B1E5C71AE0062EBA9 /* Main.storyboard */; };
		BED604BF1E5DF7E6002BB119 /* HTCustomeSearchBar.m in Sources */ = {isa = PBXBuildFile; fileRef = BED604BE1E5DF7E6002BB119 /* HTCustomeSearchBar.m */; };
		BEE29C5D1E5E814800DF3782 /* HTSearchHistoryController.m in Sources */ = {isa = PBXBuildFile; fileRef = BEE29C5B1E5E814800DF3782 /* HTSearchHistoryController.m */; };
		BEE29C5E1E5E814800DF3782 /* HTSearchHistoryController.xib in Resources */ = {isa = PBXBuildFile; fileRef = BEE29C5C1E5E814800DF3782 /* HTSearchHistoryController.xib */; };
		BEE8EED71E63CAB0008FD2D4 /* MeController.m in Sources */ = {isa = PBXBuildFile; fileRef = BEE8EED31E63CAB0008FD2D4 /* MeController.m */; };
		BEE8EED81E63CAB0008FD2D4 /* Me.storyboard in Resources */ = {isa = PBXBuildFile; fileRef = BEE8EED61E63CAB0008FD2D4 /* Me.storyboard */; };
		BEE8EEDC1E63CAD6008FD2D4 /* MeMenuCell.m in Sources */ = {isa = PBXBuildFile; fileRef = BEE8EEDA1E63CAD6008FD2D4 /* MeMenuCell.m */; };
		BEE8EEDD1E63CAD6008FD2D4 /* MeMenuCell.xib in Resources */ = {isa = PBXBuildFile; fileRef = BEE8EEDB1E63CAD6008FD2D4 /* MeMenuCell.xib */; };
/* End PBXBuildFile section */

/* Begin PBXFileReference section */
		3FAB3FE170A80D905C8EBAD6 /* Pods-PotatoMall.debug.xcconfig */ = {isa = PBXFileReference; includeInIndex = 1; lastKnownFileType = text.xcconfig; name = "Pods-PotatoMall.debug.xcconfig"; path = "Pods/Target Support Files/Pods-PotatoMall/Pods-PotatoMall.debug.xcconfig"; sourceTree = "<group>"; };
		786FBEE6DAF21E1944F06459 /* libPods-PotatoMall.a */ = {isa = PBXFileReference; explicitFileType = archive.ar; includeInIndex = 0; path = "libPods-PotatoMall.a"; sourceTree = BUILT_PRODUCTS_DIR; };
		81D94E15617EABD70CA237FA /* Pods-PotatoMall.release.xcconfig */ = {isa = PBXFileReference; includeInIndex = 1; lastKnownFileType = text.xcconfig; name = "Pods-PotatoMall.release.xcconfig"; path = "Pods/Target Support Files/Pods-PotatoMall/Pods-PotatoMall.release.xcconfig"; sourceTree = "<group>"; };
		BE2FDFCA1E61219B00A96E17 /* HomwTableHeader.h */ = {isa = PBXFileReference; fileEncoding = 4; lastKnownFileType = sourcecode.c.h; path = HomwTableHeader.h; sourceTree = "<group>"; };
		BE2FDFCB1E61219B00A96E17 /* HomwTableHeader.m */ = {isa = PBXFileReference; fileEncoding = 4; lastKnownFileType = sourcecode.c.objc; path = HomwTableHeader.m; sourceTree = "<group>"; };
		BE30996F1E5C71AD0062EBA9 /* PotatoMall.app */ = {isa = PBXFileReference; explicitFileType = wrapper.application; includeInIndex = 0; path = PotatoMall.app; sourceTree = BUILT_PRODUCTS_DIR; };
		BE30997C1E5C71AE0062EBA9 /* Base */ = {isa = PBXFileReference; lastKnownFileType = file.storyboard; name = Base; path = Base.lproj/Main.storyboard; sourceTree = "<group>"; };
		BE30997E1E5C71AE0062EBA9 /* Assets.xcassets */ = {isa = PBXFileReference; lastKnownFileType = folder.assetcatalog; path = Assets.xcassets; sourceTree = "<group>"; };
		BE3099811E5C71AE0062EBA9 /* Base */ = {isa = PBXFileReference; lastKnownFileType = file.storyboard; name = Base; path = Base.lproj/LaunchScreen.storyboard; sourceTree = "<group>"; };
		BE3F47C11E63DD9200E00C26 /* MeInfoTableController.h */ = {isa = PBXFileReference; fileEncoding = 4; lastKnownFileType = sourcecode.c.h; path = MeInfoTableController.h; sourceTree = "<group>"; };
		BE3F47C21E63DD9200E00C26 /* MeInfoTableController.m */ = {isa = PBXFileReference; fileEncoding = 4; lastKnownFileType = sourcecode.c.objc; path = MeInfoTableController.m; sourceTree = "<group>"; };
		BE5496A81E60321C00A19940 /* RequestUtil.h */ = {isa = PBXFileReference; fileEncoding = 4; lastKnownFileType = sourcecode.c.h; path = RequestUtil.h; sourceTree = "<group>"; };
		BE5496A91E60321C00A19940 /* RequestUtil.m */ = {isa = PBXFileReference; fileEncoding = 4; lastKnownFileType = sourcecode.c.objc; path = RequestUtil.m; sourceTree = "<group>"; };
		BE5535491E5EA17A0021E2C6 /* UIViewController+NavigationBar.h */ = {isa = PBXFileReference; fileEncoding = 4; lastKnownFileType = sourcecode.c.h; path = "UIViewController+NavigationBar.h"; sourceTree = "<group>"; };
		BE55354A1E5EA17A0021E2C6 /* UIViewController+NavigationBar.m */ = {isa = PBXFileReference; fileEncoding = 4; lastKnownFileType = sourcecode.c.objc; path = "UIViewController+NavigationBar.m"; sourceTree = "<group>"; };
		BE59A4701E63CEE00077D9AD /* MeMenus.plist */ = {isa = PBXFileReference; fileEncoding = 4; lastKnownFileType = text.plist.xml; path = MeMenus.plist; sourceTree = "<group>"; };
		BE59A47A1E63D8520077D9AD /* MeSettingTableController.h */ = {isa = PBXFileReference; fileEncoding = 4; lastKnownFileType = sourcecode.c.h; path = MeSettingTableController.h; sourceTree = "<group>"; };
		BE59A47B1E63D8520077D9AD /* MeSettingTableController.m */ = {isa = PBXFileReference; fileEncoding = 4; lastKnownFileType = sourcecode.c.objc; path = MeSettingTableController.m; sourceTree = "<group>"; };
		BE5B80371E5F15CD005FDE1A /* SearchTableController.h */ = {isa = PBXFileReference; fileEncoding = 4; lastKnownFileType = sourcecode.c.h; path = SearchTableController.h; sourceTree = "<group>"; };
		BE5B80381E5F15CD005FDE1A /* SearchTableController.m */ = {isa = PBXFileReference; fileEncoding = 4; lastKnownFileType = sourcecode.c.objc; path = SearchTableController.m; sourceTree = "<group>"; };
		BE5B803B1E5F1F12005FDE1A /* HotArticleCell.h */ = {isa = PBXFileReference; fileEncoding = 4; lastKnownFileType = sourcecode.c.h; path = HotArticleCell.h; sourceTree = "<group>"; };
		BE5B803C1E5F1F12005FDE1A /* HotArticleCell.m */ = {isa = PBXFileReference; fileEncoding = 4; lastKnownFileType = sourcecode.c.objc; path = HotArticleCell.m; sourceTree = "<group>"; };
		BE5B803D1E5F1F12005FDE1A /* HotArticleCell.xib */ = {isa = PBXFileReference; fileEncoding = 4; lastKnownFileType = file.xib; path = HotArticleCell.xib; sourceTree = "<group>"; };
		BE5B80401E5F2783005FDE1A /* SectionHeaderTitle.h */ = {isa = PBXFileReference; fileEncoding = 4; lastKnownFileType = sourcecode.c.h; path = SectionHeaderTitle.h; sourceTree = "<group>"; };
		BE5B80411E5F2783005FDE1A /* SectionHeaderTitle.m */ = {isa = PBXFileReference; fileEncoding = 4; lastKnownFileType = sourcecode.c.objc; path = SectionHeaderTitle.m; sourceTree = "<group>"; };
		BE5ED7981E619C3600C4B1D0 /* BaseViewController.h */ = {isa = PBXFileReference; fileEncoding = 4; lastKnownFileType = sourcecode.c.h; path = BaseViewController.h; sourceTree = "<group>"; };
		BE5ED7991E619C3600C4B1D0 /* BaseViewController.m */ = {isa = PBXFileReference; fileEncoding = 4; lastKnownFileType = sourcecode.c.objc; path = BaseViewController.m; sourceTree = "<group>"; };
		BE5ED79B1E619E6A00C4B1D0 /* BaseTableViewController.h */ = {isa = PBXFileReference; fileEncoding = 4; lastKnownFileType = sourcecode.c.h; path = BaseTableViewController.h; sourceTree = "<group>"; };
		BE5ED79C1E619E6A00C4B1D0 /* BaseTableViewController.m */ = {isa = PBXFileReference; fileEncoding = 4; lastKnownFileType = sourcecode.c.objc; path = BaseTableViewController.m; sourceTree = "<group>"; };
		BE5ED79E1E619FAC00C4B1D0 /* AritcleDetailController.h */ = {isa = PBXFileReference; fileEncoding = 4; lastKnownFileType = sourcecode.c.h; path = AritcleDetailController.h; sourceTree = "<group>"; };
		BE5ED79F1E619FAC00C4B1D0 /* AritcleDetailController.m */ = {isa = PBXFileReference; fileEncoding = 4; lastKnownFileType = sourcecode.c.objc; path = AritcleDetailController.m; sourceTree = "<group>"; };
		BE5ED7A81E61B3F700C4B1D0 /* Reachability.h */ = {isa = PBXFileReference; fileEncoding = 4; lastKnownFileType = sourcecode.c.h; path = Reachability.h; sourceTree = "<group>"; };
		BE5ED7A91E61B3F700C4B1D0 /* Reachability.m */ = {isa = PBXFileReference; fileEncoding = 4; lastKnownFileType = sourcecode.c.objc; path = Reachability.m; sourceTree = "<group>"; };
		BE5ED7AE1E61C06000C4B1D0 /* UIImage+Color.h */ = {isa = PBXFileReference; fileEncoding = 4; lastKnownFileType = sourcecode.c.h; path = "UIImage+Color.h"; sourceTree = "<group>"; };
		BE5ED7AF1E61C06000C4B1D0 /* UIImage+Color.m */ = {isa = PBXFileReference; fileEncoding = 4; lastKnownFileType = sourcecode.c.objc; path = "UIImage+Color.m"; sourceTree = "<group>"; };
		BE5ED7BE1E6256C300C4B1D0 /* RadiusButton.h */ = {isa = PBXFileReference; fileEncoding = 4; lastKnownFileType = sourcecode.c.h; path = RadiusButton.h; sourceTree = "<group>"; };
		BE5ED7BF1E6256C300C4B1D0 /* RadiusButton.m */ = {isa = PBXFileReference; fileEncoding = 4; lastKnownFileType = sourcecode.c.objc; path = RadiusButton.m; sourceTree = "<group>"; };
		BE5ED7C11E62579700C4B1D0 /* NSString+Extentsion.h */ = {isa = PBXFileReference; fileEncoding = 4; lastKnownFileType = sourcecode.c.h; path = "NSString+Extentsion.h"; sourceTree = "<group>"; };
		BE5ED7C21E62579700C4B1D0 /* NSString+Extentsion.m */ = {isa = PBXFileReference; fileEncoding = 4; lastKnownFileType = sourcecode.c.objc; path = "NSString+Extentsion.m"; sourceTree = "<group>"; };
		BE5ED7D11E628DD800C4B1D0 /* AppInfoHelper.h */ = {isa = PBXFileReference; fileEncoding = 4; lastKnownFileType = sourcecode.c.h; path = AppInfoHelper.h; sourceTree = "<group>"; };
		BE5ED7D21E628DD800C4B1D0 /* AppInfoHelper.m */ = {isa = PBXFileReference; fileEncoding = 4; lastKnownFileType = sourcecode.c.objc; path = AppInfoHelper.m; sourceTree = "<group>"; };
		BE5ED7D71E62A3DC00C4B1D0 /* TDKeyStringUrl.h */ = {isa = PBXFileReference; lastKnownFileType = sourcecode.c.h; path = TDKeyStringUrl.h; sourceTree = "<group>"; };
		BE5ED7D81E62B14D00C4B1D0 /* UserModelUtil.h */ = {isa = PBXFileReference; fileEncoding = 4; lastKnownFileType = sourcecode.c.h; path = UserModelUtil.h; sourceTree = "<group>"; };
		BE5ED7D91E62B14D00C4B1D0 /* UserModelUtil.m */ = {isa = PBXFileReference; fileEncoding = 4; lastKnownFileType = sourcecode.c.objc; path = UserModelUtil.m; sourceTree = "<group>"; };
		BE5ED7DD1E62B29000C4B1D0 /* GTMBase64.h */ = {isa = PBXFileReference; fileEncoding = 4; lastKnownFileType = sourcecode.c.h; path = GTMBase64.h; sourceTree = "<group>"; };
		BE5ED7DE1E62B29000C4B1D0 /* GTMBase64.m */ = {isa = PBXFileReference; fileEncoding = 4; lastKnownFileType = sourcecode.c.objc; path = GTMBase64.m; sourceTree = "<group>"; };
		BE5ED7DF1E62B29000C4B1D0 /* GTMDefines.h */ = {isa = PBXFileReference; fileEncoding = 4; lastKnownFileType = sourcecode.c.h; path = GTMDefines.h; sourceTree = "<group>"; };
		BE5ED7E01E62B29000C4B1D0 /* README.md */ = {isa = PBXFileReference; fileEncoding = 4; lastKnownFileType = net.daringfireball.markdown; path = README.md; sourceTree = "<group>"; };
		BE5ED7E11E62B29000C4B1D0 /* NSData+AES.h */ = {isa = PBXFileReference; fileEncoding = 4; lastKnownFileType = sourcecode.c.h; path = "NSData+AES.h"; sourceTree = "<group>"; };
		BE5ED7E21E62B29000C4B1D0 /* NSData+AES.m */ = {isa = PBXFileReference; fileEncoding = 4; lastKnownFileType = sourcecode.c.objc; path = "NSData+AES.m"; sourceTree = "<group>"; };
		BE5ED7E31E62B29000C4B1D0 /* SecurityUtil.h */ = {isa = PBXFileReference; fileEncoding = 4; lastKnownFileType = sourcecode.c.h; path = SecurityUtil.h; sourceTree = "<group>"; };
		BE5ED7E41E62B29000C4B1D0 /* SecurityUtil.m */ = {isa = PBXFileReference; fileEncoding = 4; lastKnownFileType = sourcecode.c.objc; path = SecurityUtil.m; sourceTree = "<group>"; };
		BE5ED7EB1E62B90900C4B1D0 /* LoginViewController.h */ = {isa = PBXFileReference; fileEncoding = 4; lastKnownFileType = sourcecode.c.h; path = LoginViewController.h; sourceTree = "<group>"; };
		BE5ED7EC1E62B90900C4B1D0 /* LoginViewController.m */ = {isa = PBXFileReference; fileEncoding = 4; lastKnownFileType = sourcecode.c.objc; path = LoginViewController.m; sourceTree = "<group>"; };
		BE5ED7ED1E62B90900C4B1D0 /* PasswordBackController.h */ = {isa = PBXFileReference; fileEncoding = 4; lastKnownFileType = sourcecode.c.h; path = PasswordBackController.h; sourceTree = "<group>"; };
		BE5ED7EE1E62B90900C4B1D0 /* PasswordBackController.m */ = {isa = PBXFileReference; fileEncoding = 4; lastKnownFileType = sourcecode.c.objc; path = PasswordBackController.m; sourceTree = "<group>"; };
		BE5ED7EF1E62B90900C4B1D0 /* PwdBackController.h */ = {isa = PBXFileReference; fileEncoding = 4; lastKnownFileType = sourcecode.c.h; path = PwdBackController.h; sourceTree = "<group>"; };
		BE5ED7F01E62B90900C4B1D0 /* PwdBackController.m */ = {isa = PBXFileReference; fileEncoding = 4; lastKnownFileType = sourcecode.c.objc; path = PwdBackController.m; sourceTree = "<group>"; };
		BE5ED7F11E62B90900C4B1D0 /* RegisterController.h */ = {isa = PBXFileReference; fileEncoding = 4; lastKnownFileType = sourcecode.c.h; path = RegisterController.h; sourceTree = "<group>"; };
		BE5ED7F21E62B90900C4B1D0 /* RegisterController.m */ = {isa = PBXFileReference; fileEncoding = 4; lastKnownFileType = sourcecode.c.objc; path = RegisterController.m; sourceTree = "<group>"; };
		BE5ED7F41E62B90900C4B1D0 /* UserModel.h */ = {isa = PBXFileReference; fileEncoding = 4; lastKnownFileType = sourcecode.c.h; path = UserModel.h; sourceTree = "<group>"; };
		BE5ED7F51E62B90900C4B1D0 /* UserModel.m */ = {isa = PBXFileReference; fileEncoding = 4; lastKnownFileType = sourcecode.c.objc; path = UserModel.m; sourceTree = "<group>"; };
		BE5ED7F71E62B90900C4B1D0 /* Login.storyboard */ = {isa = PBXFileReference; fileEncoding = 4; lastKnownFileType = file.storyboard; path = Login.storyboard; sourceTree = "<group>"; };
		BE8FA4E01E645E6B00F92C46 /* DataUtil.h */ = {isa = PBXFileReference; fileEncoding = 4; lastKnownFileType = sourcecode.c.h; path = DataUtil.h; sourceTree = "<group>"; };
		BE8FA4E11E645E6B00F92C46 /* DataUtil.m */ = {isa = PBXFileReference; fileEncoding = 4; lastKnownFileType = sourcecode.c.objc; path = DataUtil.m; sourceTree = "<group>"; };
		BE8FA4E31E6460F500F92C46 /* User.h */ = {isa = PBXFileReference; fileEncoding = 4; lastKnownFileType = sourcecode.c.h; path = User.h; sourceTree = "<group>"; };
		BE8FA4E41E6460F500F92C46 /* User.m */ = {isa = PBXFileReference; fileEncoding = 4; lastKnownFileType = sourcecode.c.objc; path = User.m; sourceTree = "<group>"; };
		BE8FA4E61E646C2D00F92C46 /* ArticleModel.h */ = {isa = PBXFileReference; fileEncoding = 4; lastKnownFileType = sourcecode.c.h; path = ArticleModel.h; sourceTree = "<group>"; };
		BE8FA4E71E646C2D00F92C46 /* ArticleModel.m */ = {isa = PBXFileReference; fileEncoding = 4; lastKnownFileType = sourcecode.c.objc; path = ArticleModel.m; sourceTree = "<group>"; };
		BEAAA5F31E5D7D84008943EC /* HTNavgationController.h */ = {isa = PBXFileReference; fileEncoding = 4; lastKnownFileType = sourcecode.c.h; path = HTNavgationController.h; sourceTree = "<group>"; };
		BEAAA5F41E5D7D84008943EC /* HTNavgationController.m */ = {isa = PBXFileReference; fileEncoding = 4; lastKnownFileType = sourcecode.c.objc; path = HTNavgationController.m; sourceTree = "<group>"; };
		BEAAA5F61E5D8069008943EC /* HomeTableController.h */ = {isa = PBXFileReference; fileEncoding = 4; lastKnownFileType = sourcecode.c.h; path = HomeTableController.h; sourceTree = "<group>"; };
		BEAAA5F71E5D8069008943EC /* HomeTableController.m */ = {isa = PBXFileReference; fileEncoding = 4; lastKnownFileType = sourcecode.c.objc; path = HomeTableController.m; sourceTree = "<group>"; };
		BEAAA5F91E5D85E8008943EC /* UIView+PositionExt.h */ = {isa = PBXFileReference; fileEncoding = 4; lastKnownFileType = sourcecode.c.h; path = "UIView+PositionExt.h"; sourceTree = "<group>"; };
		BEAAA5FA1E5D85E8008943EC /* UIView+PositionExt.m */ = {isa = PBXFileReference; fileEncoding = 4; lastKnownFileType = sourcecode.c.objc; path = "UIView+PositionExt.m"; sourceTree = "<group>"; };
		BEAAA5FC1E5D8948008943EC /* TudouUtil.h */ = {isa = PBXFileReference; lastKnownFileType = sourcecode.c.h; path = TudouUtil.h; sourceTree = "<group>"; };
		BEC06DAD1E5C76D300667D73 /* AppDelegate.h */ = {isa = PBXFileReference; fileEncoding = 4; lastKnownFileType = sourcecode.c.h; name = AppDelegate.h; path = ../../AppDelegate.h; sourceTree = "<group>"; };
		BEC06DAE1E5C76D300667D73 /* AppDelegate.m */ = {isa = PBXFileReference; fileEncoding = 4; lastKnownFileType = sourcecode.c.objc; name = AppDelegate.m; path = ../../AppDelegate.m; sourceTree = "<group>"; };
		BEC06DB81E5C76F500667D73 /* main.m */ = {isa = PBXFileReference; fileEncoding = 4; lastKnownFileType = sourcecode.c.objc; path = main.m; sourceTree = "<group>"; };
		BEC06DBA1E5C771F00667D73 /* Info.plist */ = {isa = PBXFileReference; fileEncoding = 4; lastKnownFileType = text.plist.xml; path = Info.plist; sourceTree = "<group>"; };
		BEC06DD41E5C796300667D73 /* Home.storyboard */ = {isa = PBXFileReference; fileEncoding = 4; lastKnownFileType = file.storyboard; path = Home.storyboard; sourceTree = "<group>"; };
		BEC06DD61E5C796D00667D73 /* Purchase.storyboard */ = {isa = PBXFileReference; fileEncoding = 4; lastKnownFileType = file.storyboard; path = Purchase.storyboard; sourceTree = "<group>"; };
		BEC06DDA1E5C79C700667D73 /* HTTabbarController.h */ = {isa = PBXFileReference; fileEncoding = 4; lastKnownFileType = sourcecode.c.h; path = HTTabbarController.h; sourceTree = "<group>"; };
		BEC06DDB1E5C79C700667D73 /* HTTabbarController.m */ = {isa = PBXFileReference; fileEncoding = 4; lastKnownFileType = sourcecode.c.objc; path = HTTabbarController.m; sourceTree = "<group>"; };
		BEC06DDE1E5C7A6D00667D73 /* TudouColor.h */ = {isa = PBXFileReference; lastKnownFileType = sourcecode.c.h; path = TudouColor.h; sourceTree = "<group>"; };
		BEC06DDF1E5C7AD400667D73 /* TuDouPrefixHeader.pch */ = {isa = PBXFileReference; lastKnownFileType = sourcecode.c.h; path = TuDouPrefixHeader.pch; sourceTree = "<group>"; };
		BED016A71E5EFD120033154D /* zh-Hans */ = {isa = PBXFileReference; lastKnownFileType = text.plist.strings; name = "zh-Hans"; path = "zh-Hans.lproj/LaunchScreen.strings"; sourceTree = "<group>"; };
		BED016A81E5EFD120033154D /* zh-Hans */ = {isa = PBXFileReference; lastKnownFileType = text.plist.strings; name = "zh-Hans"; path = "zh-Hans.lproj/Main.strings"; sourceTree = "<group>"; };
		BED604BD1E5DF7E6002BB119 /* HTCustomeSearchBar.h */ = {isa = PBXFileReference; fileEncoding = 4; lastKnownFileType = sourcecode.c.h; path = HTCustomeSearchBar.h; sourceTree = "<group>"; };
		BED604BE1E5DF7E6002BB119 /* HTCustomeSearchBar.m */ = {isa = PBXFileReference; fileEncoding = 4; lastKnownFileType = sourcecode.c.objc; path = HTCustomeSearchBar.m; sourceTree = "<group>"; };
		BEE29C5A1E5E814800DF3782 /* HTSearchHistoryController.h */ = {isa = PBXFileReference; fileEncoding = 4; lastKnownFileType = sourcecode.c.h; path = HTSearchHistoryController.h; sourceTree = "<group>"; };
		BEE29C5B1E5E814800DF3782 /* HTSearchHistoryController.m */ = {isa = PBXFileReference; fileEncoding = 4; lastKnownFileType = sourcecode.c.objc; path = HTSearchHistoryController.m; sourceTree = "<group>"; };
		BEE29C5C1E5E814800DF3782 /* HTSearchHistoryController.xib */ = {isa = PBXFileReference; fileEncoding = 4; lastKnownFileType = file.xib; path = HTSearchHistoryController.xib; sourceTree = "<group>"; };
		BEE8EED21E63CAB0008FD2D4 /* MeController.h */ = {isa = PBXFileReference; fileEncoding = 4; lastKnownFileType = sourcecode.c.h; path = MeController.h; sourceTree = "<group>"; };
		BEE8EED31E63CAB0008FD2D4 /* MeController.m */ = {isa = PBXFileReference; fileEncoding = 4; lastKnownFileType = sourcecode.c.objc; path = MeController.m; sourceTree = "<group>"; };
		BEE8EED61E63CAB0008FD2D4 /* Me.storyboard */ = {isa = PBXFileReference; fileEncoding = 4; lastKnownFileType = file.storyboard; path = Me.storyboard; sourceTree = "<group>"; };
		BEE8EED91E63CAD6008FD2D4 /* MeMenuCell.h */ = {isa = PBXFileReference; fileEncoding = 4; lastKnownFileType = sourcecode.c.h; path = MeMenuCell.h; sourceTree = "<group>"; };
		BEE8EEDA1E63CAD6008FD2D4 /* MeMenuCell.m */ = {isa = PBXFileReference; fileEncoding = 4; lastKnownFileType = sourcecode.c.objc; path = MeMenuCell.m; sourceTree = "<group>"; };
		BEE8EEDB1E63CAD6008FD2D4 /* MeMenuCell.xib */ = {isa = PBXFileReference; fileEncoding = 4; lastKnownFileType = file.xib; path = MeMenuCell.xib; sourceTree = "<group>"; };
/* End PBXFileReference section */

/* Begin PBXFrameworksBuildPhase section */
		BE30996C1E5C71AD0062EBA9 /* Frameworks */ = {
			isa = PBXFrameworksBuildPhase;
			buildActionMask = 2147483647;
			files = (
				4EB6496BCAB51F1EC4B5F062 /* libPods-PotatoMall.a in Frameworks */,
			);
			runOnlyForDeploymentPostprocessing = 0;
		};
/* End PBXFrameworksBuildPhase section */

/* Begin PBXGroup section */
		94F3168BB54E218012B16116 /* Frameworks */ = {
			isa = PBXGroup;
			children = (
				786FBEE6DAF21E1944F06459 /* libPods-PotatoMall.a */,
			);
			name = Frameworks;
			sourceTree = "<group>";
		};
		99153BE78D3DDACF85131DF1 /* Pods */ = {
			isa = PBXGroup;
			children = (
				3FAB3FE170A80D905C8EBAD6 /* Pods-PotatoMall.debug.xcconfig */,
				81D94E15617EABD70CA237FA /* Pods-PotatoMall.release.xcconfig */,
			);
			name = Pods;
			sourceTree = "<group>";
		};
		BE3099661E5C71AD0062EBA9 = {
			isa = PBXGroup;
			children = (
				BE3099711E5C71AD0062EBA9 /* PotatoMall */,
				BE3099701E5C71AD0062EBA9 /* Products */,
				99153BE78D3DDACF85131DF1 /* Pods */,
				94F3168BB54E218012B16116 /* Frameworks */,
			);
			sourceTree = "<group>";
		};
		BE3099701E5C71AD0062EBA9 /* Products */ = {
			isa = PBXGroup;
			children = (
				BE30996F1E5C71AD0062EBA9 /* PotatoMall.app */,
			);
			name = Products;
			sourceTree = "<group>";
		};
		BE3099711E5C71AD0062EBA9 /* PotatoMall */ = {
			isa = PBXGroup;
			children = (
				BEC06DAC1E5C76D300667D73 /* Classes */,
				BE3099801E5C71AE0062EBA9 /* LaunchScreen.storyboard */,
				BE30997B1E5C71AE0062EBA9 /* Main.storyboard */,
				BEC06DBA1E5C771F00667D73 /* Info.plist */,
				BE30997E1E5C71AE0062EBA9 /* Assets.xcassets */,
				BE3099721E5C71AE0062EBA9 /* Supporting Files */,
			);
			path = PotatoMall;
			sourceTree = "<group>";
		};
		BE3099721E5C71AE0062EBA9 /* Supporting Files */ = {
			isa = PBXGroup;
			children = (
				BEC06DB81E5C76F500667D73 /* main.m */,
			);
			name = "Supporting Files";
			sourceTree = "<group>";
		};
		BE5496A71E60321C00A19940 /* net */ = {
			isa = PBXGroup;
			children = (
				BE5496A81E60321C00A19940 /* RequestUtil.h */,
				BE5496A91E60321C00A19940 /* RequestUtil.m */,
			);
			path = net;
			sourceTree = "<group>";
		};
		BE59A4721E63D8050077D9AD /* MeInfo */ = {
			isa = PBXGroup;
			children = (
				BE59A4731E63D8050077D9AD /* controller */,
				BE59A4741E63D8050077D9AD /* model */,
				BE59A4751E63D8050077D9AD /* view */,
			);
			path = MeInfo;
			sourceTree = "<group>";
		};
		BE59A4731E63D8050077D9AD /* controller */ = {
			isa = PBXGroup;
			children = (
			);
			path = controller;
			sourceTree = "<group>";
		};
		BE59A4741E63D8050077D9AD /* model */ = {
			isa = PBXGroup;
			children = (
			);
			path = model;
			sourceTree = "<group>";
		};
		BE59A4751E63D8050077D9AD /* view */ = {
			isa = PBXGroup;
			children = (
			);
			path = view;
			sourceTree = "<group>";
		};
		BE59A4761E63D81F0077D9AD /* Setting */ = {
			isa = PBXGroup;
			children = (
				BE59A4771E63D81F0077D9AD /* controller */,
				BE59A4781E63D81F0077D9AD /* model */,
				BE59A4791E63D81F0077D9AD /* view */,
			);
			path = Setting;
			sourceTree = "<group>";
		};
		BE59A4771E63D81F0077D9AD /* controller */ = {
			isa = PBXGroup;
			children = (
				BE59A47A1E63D8520077D9AD /* MeSettingTableController.h */,
				BE59A47B1E63D8520077D9AD /* MeSettingTableController.m */,
				BE3F47C11E63DD9200E00C26 /* MeInfoTableController.h */,
				BE3F47C21E63DD9200E00C26 /* MeInfoTableController.m */,
			);
			path = controller;
			sourceTree = "<group>";
		};
		BE59A4781E63D81F0077D9AD /* model */ = {
			isa = PBXGroup;
			children = (
			);
			path = model;
			sourceTree = "<group>";
		};
		BE59A4791E63D81F0077D9AD /* view */ = {
			isa = PBXGroup;
			children = (
			);
			path = view;
			sourceTree = "<group>";
		};
		BE5B803A1E5F1EDA005FDE1A /* cell */ = {
			isa = PBXGroup;
			children = (
				BE5B803B1E5F1F12005FDE1A /* HotArticleCell.h */,
				BE5B803C1E5F1F12005FDE1A /* HotArticleCell.m */,
				BE5B803D1E5F1F12005FDE1A /* HotArticleCell.xib */,
			);
			path = cell;
			sourceTree = "<group>";
		};
		BE5ED7A61E61B3F700C4B1D0 /* lib */ = {
			isa = PBXGroup;
			children = (
				BE5ED7DB1E62B29000C4B1D0 /* AES */,
				BE5ED7A71E61B3F700C4B1D0 /* Reachability */,
			);
			path = lib;
			sourceTree = "<group>";
		};
		BE5ED7A71E61B3F700C4B1D0 /* Reachability */ = {
			isa = PBXGroup;
			children = (
				BE5ED7A81E61B3F700C4B1D0 /* Reachability.h */,
				BE5ED7A91E61B3F700C4B1D0 /* Reachability.m */,
			);
			path = Reachability;
			sourceTree = "<group>";
		};
		BE5ED7BD1E6256C300C4B1D0 /* button */ = {
			isa = PBXGroup;
			children = (
				BE5ED7BE1E6256C300C4B1D0 /* RadiusButton.h */,
				BE5ED7BF1E6256C300C4B1D0 /* RadiusButton.m */,
			);
			path = button;
			sourceTree = "<group>";
		};
		BE5ED7DB1E62B29000C4B1D0 /* AES */ = {
			isa = PBXGroup;
			children = (
				BE5ED7DC1E62B29000C4B1D0 /* GTMBase64 */,
				BE5ED7E11E62B29000C4B1D0 /* NSData+AES.h */,
				BE5ED7E21E62B29000C4B1D0 /* NSData+AES.m */,
				BE5ED7E31E62B29000C4B1D0 /* SecurityUtil.h */,
				BE5ED7E41E62B29000C4B1D0 /* SecurityUtil.m */,
			);
			path = AES;
			sourceTree = "<group>";
		};
		BE5ED7DC1E62B29000C4B1D0 /* GTMBase64 */ = {
			isa = PBXGroup;
			children = (
				BE5ED7DD1E62B29000C4B1D0 /* GTMBase64.h */,
				BE5ED7DE1E62B29000C4B1D0 /* GTMBase64.m */,
				BE5ED7DF1E62B29000C4B1D0 /* GTMDefines.h */,
				BE5ED7E01E62B29000C4B1D0 /* README.md */,
			);
			path = GTMBase64;
			sourceTree = "<group>";
		};
		BE5ED7E91E62B90900C4B1D0 /* Login */ = {
			isa = PBXGroup;
			children = (
				BE5ED7EA1E62B90900C4B1D0 /* controller */,
				BE5ED7F31E62B90900C4B1D0 /* model */,
				BE5ED7F61E62B90900C4B1D0 /* view */,
			);
			path = Login;
			sourceTree = "<group>";
		};
		BE5ED7EA1E62B90900C4B1D0 /* controller */ = {
			isa = PBXGroup;
			children = (
				BE5ED7EB1E62B90900C4B1D0 /* LoginViewController.h */,
				BE5ED7EC1E62B90900C4B1D0 /* LoginViewController.m */,
				BE5ED7ED1E62B90900C4B1D0 /* PasswordBackController.h */,
				BE5ED7EE1E62B90900C4B1D0 /* PasswordBackController.m */,
				BE5ED7EF1E62B90900C4B1D0 /* PwdBackController.h */,
				BE5ED7F01E62B90900C4B1D0 /* PwdBackController.m */,
				BE5ED7F11E62B90900C4B1D0 /* RegisterController.h */,
				BE5ED7F21E62B90900C4B1D0 /* RegisterController.m */,
			);
			path = controller;
			sourceTree = "<group>";
		};
		BE5ED7F31E62B90900C4B1D0 /* model */ = {
			isa = PBXGroup;
			children = (
				BE5ED7F41E62B90900C4B1D0 /* UserModel.h */,
				BE5ED7F51E62B90900C4B1D0 /* UserModel.m */,
				BE8FA4E31E6460F500F92C46 /* User.h */,
				BE8FA4E41E6460F500F92C46 /* User.m */,
			);
			path = model;
			sourceTree = "<group>";
		};
		BE5ED7F61E62B90900C4B1D0 /* view */ = {
			isa = PBXGroup;
			children = (
				BE5ED7F71E62B90900C4B1D0 /* Login.storyboard */,
			);
			path = view;
			sourceTree = "<group>";
		};
		BEC06DAC1E5C76D300667D73 /* Classes */ = {
			isa = PBXGroup;
			children = (
				BEC06DAF1E5C76D300667D73 /* Base */,
				BE5ED7E91E62B90900C4B1D0 /* Login */,
				BEC06DCC1E5C792600667D73 /* Home(首页) */,
				BEC06DC81E5C78F600667D73 /* Purchase(采购) */,
				BEC06DD01E5C792600667D73 /* Me(我) */,
				BE5ED7A61E61B3F700C4B1D0 /* lib */,
			);
			path = Classes;
			sourceTree = "<group>";
		};
		BEC06DAF1E5C76D300667D73 /* Base */ = {
			isa = PBXGroup;
			children = (
				BE5496A71E60321C00A19940 /* net */,
				BEC06DDD1E5C7A3F00667D73 /* macro */,
				BEC06DC11E5C785000667D73 /* controller */,
				BEC06DBC1E5C77D000667D73 /* category */,
				BEC06DBE1E5C77D000667D73 /* other */,
				BEC06DBF1E5C77D000667D73 /* util */,
				BEC06DC01E5C77D000667D73 /* view */,
			);
			path = Base;
			sourceTree = "<group>";
		};
		BEC06DBC1E5C77D000667D73 /* category */ = {
			isa = PBXGroup;
			children = (
				BE5ED7C11E62579700C4B1D0 /* NSString+Extentsion.h */,
				BE5ED7C21E62579700C4B1D0 /* NSString+Extentsion.m */,
				BEAAA5F91E5D85E8008943EC /* UIView+PositionExt.h */,
				BEAAA5FA1E5D85E8008943EC /* UIView+PositionExt.m */,
				BE5535491E5EA17A0021E2C6 /* UIViewController+NavigationBar.h */,
				BE55354A1E5EA17A0021E2C6 /* UIViewController+NavigationBar.m */,
				BE5ED7AE1E61C06000C4B1D0 /* UIImage+Color.h */,
				BE5ED7AF1E61C06000C4B1D0 /* UIImage+Color.m */,
			);
			path = category;
			sourceTree = "<group>";
		};
		BEC06DBE1E5C77D000667D73 /* other */ = {
			isa = PBXGroup;
			children = (
				BEC06DAD1E5C76D300667D73 /* AppDelegate.h */,
				BEC06DAE1E5C76D300667D73 /* AppDelegate.m */,
				BEC06DDF1E5C7AD400667D73 /* TuDouPrefixHeader.pch */,
			);
			path = other;
			sourceTree = "<group>";
		};
		BEC06DBF1E5C77D000667D73 /* util */ = {
			isa = PBXGroup;
			children = (
				BE5ED7D11E628DD800C4B1D0 /* AppInfoHelper.h */,
				BE5ED7D21E628DD800C4B1D0 /* AppInfoHelper.m */,
				BE5ED7D81E62B14D00C4B1D0 /* UserModelUtil.h */,
				BE5ED7D91E62B14D00C4B1D0 /* UserModelUtil.m */,
				BE8FA4E01E645E6B00F92C46 /* DataUtil.h */,
				BE8FA4E11E645E6B00F92C46 /* DataUtil.m */,
			);
			path = util;
			sourceTree = "<group>";
		};
		BEC06DC01E5C77D000667D73 /* view */ = {
			isa = PBXGroup;
			children = (
				BE5ED7BD1E6256C300C4B1D0 /* button */,
				BED604BD1E5DF7E6002BB119 /* HTCustomeSearchBar.h */,
				BED604BE1E5DF7E6002BB119 /* HTCustomeSearchBar.m */,
			);
			path = view;
			sourceTree = "<group>";
		};
		BEC06DC11E5C785000667D73 /* controller */ = {
			isa = PBXGroup;
			children = (
				BE5ED7981E619C3600C4B1D0 /* BaseViewController.h */,
				BE5ED7991E619C3600C4B1D0 /* BaseViewController.m */,
				BEC06DDA1E5C79C700667D73 /* HTTabbarController.h */,
				BEC06DDB1E5C79C700667D73 /* HTTabbarController.m */,
				BEAAA5F31E5D7D84008943EC /* HTNavgationController.h */,
				BEAAA5F41E5D7D84008943EC /* HTNavgationController.m */,
				BEE29C5A1E5E814800DF3782 /* HTSearchHistoryController.h */,
				BEE29C5B1E5E814800DF3782 /* HTSearchHistoryController.m */,
				BEE29C5C1E5E814800DF3782 /* HTSearchHistoryController.xib */,
				BE5ED79B1E619E6A00C4B1D0 /* BaseTableViewController.h */,
				BE5ED79C1E619E6A00C4B1D0 /* BaseTableViewController.m */,
			);
			path = controller;
			sourceTree = "<group>";
		};
		BEC06DC81E5C78F600667D73 /* Purchase(采购) */ = {
			isa = PBXGroup;
			children = (
				BEC06DC91E5C78F600667D73 /* controller */,
				BEC06DCA1E5C78F600667D73 /* model */,
				BEC06DCB1E5C78F600667D73 /* view */,
			);
			path = "Purchase(采购)";
			sourceTree = "<group>";
		};
		BEC06DC91E5C78F600667D73 /* controller */ = {
			isa = PBXGroup;
			children = (
			);
			path = controller;
			sourceTree = "<group>";
		};
		BEC06DCA1E5C78F600667D73 /* model */ = {
			isa = PBXGroup;
			children = (
			);
			path = model;
			sourceTree = "<group>";
		};
		BEC06DCB1E5C78F600667D73 /* view */ = {
			isa = PBXGroup;
			children = (
				BEC06DD61E5C796D00667D73 /* Purchase.storyboard */,
			);
			path = view;
			sourceTree = "<group>";
		};
		BEC06DCC1E5C792600667D73 /* Home(首页) */ = {
			isa = PBXGroup;
			children = (
				BEC06DCD1E5C792600667D73 /* controller */,
				BEC06DCE1E5C792600667D73 /* model */,
				BEC06DCF1E5C792600667D73 /* view */,
			);
			path = "Home(首页)";
			sourceTree = "<group>";
		};
		BEC06DCD1E5C792600667D73 /* controller */ = {
			isa = PBXGroup;
			children = (
				BEAAA5F61E5D8069008943EC /* HomeTableController.h */,
				BEAAA5F71E5D8069008943EC /* HomeTableController.m */,
				BE5B80371E5F15CD005FDE1A /* SearchTableController.h */,
				BE5B80381E5F15CD005FDE1A /* SearchTableController.m */,
				BE5ED79E1E619FAC00C4B1D0 /* AritcleDetailController.h */,
				BE5ED79F1E619FAC00C4B1D0 /* AritcleDetailController.m */,
			);
			path = controller;
			sourceTree = "<group>";
		};
		BEC06DCE1E5C792600667D73 /* model */ = {
			isa = PBXGroup;
			children = (
				BE8FA4E61E646C2D00F92C46 /* ArticleModel.h */,
				BE8FA4E71E646C2D00F92C46 /* ArticleModel.m */,
			);
			path = model;
			sourceTree = "<group>";
		};
		BEC06DCF1E5C792600667D73 /* view */ = {
			isa = PBXGroup;
			children = (
				BEC06DD41E5C796300667D73 /* Home.storyboard */,
				BE5B80401E5F2783005FDE1A /* SectionHeaderTitle.h */,
				BE5B80411E5F2783005FDE1A /* SectionHeaderTitle.m */,
				BE5B803A1E5F1EDA005FDE1A /* cell */,
				BE2FDFCA1E61219B00A96E17 /* HomwTableHeader.h */,
				BE2FDFCB1E61219B00A96E17 /* HomwTableHeader.m */,
			);
			path = view;
			sourceTree = "<group>";
		};
		BEC06DD01E5C792600667D73 /* Me(我) */ = {
			isa = PBXGroup;
			children = (
				BEE8EED01E63CAB0008FD2D4 /* Me */,
				BE59A4761E63D81F0077D9AD /* Setting */,
				BE59A4721E63D8050077D9AD /* MeInfo */,
			);
			path = "Me(我)";
			sourceTree = "<group>";
		};
		BEC06DDD1E5C7A3F00667D73 /* macro */ = {
			isa = PBXGroup;
			children = (
				BEC06DDE1E5C7A6D00667D73 /* TudouColor.h */,
				BEAAA5FC1E5D8948008943EC /* TudouUtil.h */,
				BE5ED7D71E62A3DC00C4B1D0 /* TDKeyStringUrl.h */,
			);
			path = macro;
			sourceTree = "<group>";
		};
		BEE8EED01E63CAB0008FD2D4 /* Me */ = {
			isa = PBXGroup;
			children = (
				BEE8EED11E63CAB0008FD2D4 /* controller */,
				BEE8EED41E63CAB0008FD2D4 /* model */,
				BEE8EED51E63CAB0008FD2D4 /* view */,
			);
			path = Me;
			sourceTree = "<group>";
		};
		BEE8EED11E63CAB0008FD2D4 /* controller */ = {
			isa = PBXGroup;
			children = (
				BEE8EED21E63CAB0008FD2D4 /* MeController.h */,
				BEE8EED31E63CAB0008FD2D4 /* MeController.m */,
			);
			path = controller;
			sourceTree = "<group>";
		};
		BEE8EED41E63CAB0008FD2D4 /* model */ = {
			isa = PBXGroup;
			children = (
				BE59A4701E63CEE00077D9AD /* MeMenus.plist */,
			);
			path = model;
			sourceTree = "<group>";
		};
		BEE8EED51E63CAB0008FD2D4 /* view */ = {
			isa = PBXGroup;
			children = (
				BEE8EED61E63CAB0008FD2D4 /* Me.storyboard */,
				BEE8EED91E63CAD6008FD2D4 /* MeMenuCell.h */,
				BEE8EEDA1E63CAD6008FD2D4 /* MeMenuCell.m */,
				BEE8EEDB1E63CAD6008FD2D4 /* MeMenuCell.xib */,
			);
			path = view;
			sourceTree = "<group>";
		};
/* End PBXGroup section */

/* Begin PBXNativeTarget section */
		BE30996E1E5C71AD0062EBA9 /* PotatoMall */ = {
			isa = PBXNativeTarget;
			buildConfigurationList = BE3099861E5C71AE0062EBA9 /* Build configuration list for PBXNativeTarget "PotatoMall" */;
			buildPhases = (
				A8ABF135612A24D8DF00240B /* [CP] Check Pods Manifest.lock */,
				BE30996B1E5C71AD0062EBA9 /* Sources */,
				BE30996C1E5C71AD0062EBA9 /* Frameworks */,
				BE30996D1E5C71AD0062EBA9 /* Resources */,
				43070B6527AA16E5FE52DBB2 /* [CP] Embed Pods Frameworks */,
				2BC7C1225AD032E4687227DB /* [CP] Copy Pods Resources */,
			);
			buildRules = (
			);
			dependencies = (
			);
			name = PotatoMall;
			productName = PotatoMall;
			productReference = BE30996F1E5C71AD0062EBA9 /* PotatoMall.app */;
			productType = "com.apple.product-type.application";
		};
/* End PBXNativeTarget section */

/* Begin PBXProject section */
		BE3099671E5C71AD0062EBA9 /* Project object */ = {
			isa = PBXProject;
			attributes = {
				LastUpgradeCheck = 0820;
				ORGANIZATIONNAME = taotao;
				TargetAttributes = {
					BE30996E1E5C71AD0062EBA9 = {
						CreatedOnToolsVersion = 8.2.1;
						DevelopmentTeam = YTV9736654;
						ProvisioningStyle = Automatic;
					};
				};
			};
			buildConfigurationList = BE30996A1E5C71AD0062EBA9 /* Build configuration list for PBXProject "PotatoMall" */;
			compatibilityVersion = "Xcode 3.2";
			developmentRegion = English;
			hasScannedForEncodings = 0;
			knownRegions = (
				en,
				Base,
			);
			mainGroup = BE3099661E5C71AD0062EBA9;
			productRefGroup = BE3099701E5C71AD0062EBA9 /* Products */;
			projectDirPath = "";
			projectRoot = "";
			targets = (
				BE30996E1E5C71AD0062EBA9 /* PotatoMall */,
			);
		};
/* End PBXProject section */

/* Begin PBXResourcesBuildPhase section */
		BE30996D1E5C71AD0062EBA9 /* Resources */ = {
			isa = PBXResourcesBuildPhase;
			buildActionMask = 2147483647;
			files = (
				BEE8EEDD1E63CAD6008FD2D4 /* MeMenuCell.xib in Resources */,
				BE5ED7FD1E62B90900C4B1D0 /* Login.storyboard in Resources */,
				BEC06DE11E5C81A000667D73 /* Main.storyboard in Resources */,
				BEC06DD51E5C796300667D73 /* Home.storyboard in Resources */,
				BE5B803F1E5F1F12005FDE1A /* HotArticleCell.xib in Resources */,
				BEE29C5E1E5E814800DF3782 /* HTSearchHistoryController.xib in Resources */,
				BE30997F1E5C71AE0062EBA9 /* Assets.xcassets in Resources */,
				BE59A4711E63CEE00077D9AD /* MeMenus.plist in Resources */,
				BEE8EED81E63CAB0008FD2D4 /* Me.storyboard in Resources */,
				BEC06DD71E5C796D00667D73 /* Purchase.storyboard in Resources */,
			);
			runOnlyForDeploymentPostprocessing = 0;
		};
/* End PBXResourcesBuildPhase section */

/* Begin PBXShellScriptBuildPhase section */
		2BC7C1225AD032E4687227DB /* [CP] Copy Pods Resources */ = {
			isa = PBXShellScriptBuildPhase;
			buildActionMask = 2147483647;
			files = (
			);
			inputPaths = (
			);
			name = "[CP] Copy Pods Resources";
			outputPaths = (
			);
			runOnlyForDeploymentPostprocessing = 0;
			shellPath = /bin/sh;
			shellScript = "\"${SRCROOT}/Pods/Target Support Files/Pods-PotatoMall/Pods-PotatoMall-resources.sh\"\n";
			showEnvVarsInLog = 0;
		};
		43070B6527AA16E5FE52DBB2 /* [CP] Embed Pods Frameworks */ = {
			isa = PBXShellScriptBuildPhase;
			buildActionMask = 2147483647;
			files = (
			);
			inputPaths = (
			);
			name = "[CP] Embed Pods Frameworks";
			outputPaths = (
			);
			runOnlyForDeploymentPostprocessing = 0;
			shellPath = /bin/sh;
			shellScript = "\"${SRCROOT}/Pods/Target Support Files/Pods-PotatoMall/Pods-PotatoMall-frameworks.sh\"\n";
			showEnvVarsInLog = 0;
		};
		A8ABF135612A24D8DF00240B /* [CP] Check Pods Manifest.lock */ = {
			isa = PBXShellScriptBuildPhase;
			buildActionMask = 2147483647;
			files = (
			);
			inputPaths = (
			);
			name = "[CP] Check Pods Manifest.lock";
			outputPaths = (
			);
			runOnlyForDeploymentPostprocessing = 0;
			shellPath = /bin/sh;
			shellScript = "diff \"${PODS_ROOT}/../Podfile.lock\" \"${PODS_ROOT}/Manifest.lock\" > /dev/null\nif [ $? != 0 ] ; then\n    # print error to STDERR\n    echo \"error: The sandbox is not in sync with the Podfile.lock. Run 'pod install' or update your CocoaPods installation.\" >&2\n    exit 1\nfi\n";
			showEnvVarsInLog = 0;
		};
/* End PBXShellScriptBuildPhase section */

/* Begin PBXSourcesBuildPhase section */
		BE30996B1E5C71AD0062EBA9 /* Sources */ = {
			isa = PBXSourcesBuildPhase;
			buildActionMask = 2147483647;
			files = (
				BE5ED7F81E62B90900C4B1D0 /* LoginViewController.m in Sources */,
				BE5ED7C01E6256C300C4B1D0 /* RadiusButton.m in Sources */,
				BEC06DB51E5C76D300667D73 /* AppDelegate.m in Sources */,
				BE5ED7E61E62B29000C4B1D0 /* README.md in Sources */,
				BE3F47C31E63DD9200E00C26 /* MeInfoTableController.m in Sources */,
				BE5ED7E71E62B29000C4B1D0 /* NSData+AES.m in Sources */,
				BE5ED7A01E619FAC00C4B1D0 /* AritcleDetailController.m in Sources */,
				BEAAA5FB1E5D85E8008943EC /* UIView+PositionExt.m in Sources */,
				BE5ED7E51E62B29000C4B1D0 /* GTMBase64.m in Sources */,
				BE5ED7D31E628DD800C4B1D0 /* AppInfoHelper.m in Sources */,
				BE5B80391E5F15CD005FDE1A /* SearchTableController.m in Sources */,
				BE5ED7DA1E62B14D00C4B1D0 /* UserModelUtil.m in Sources */,
				BE55354B1E5EA17A0021E2C6 /* UIViewController+NavigationBar.m in Sources */,
				BEE8EEDC1E63CAD6008FD2D4 /* MeMenuCell.m in Sources */,
				BEAAA5F81E5D8069008943EC /* HomeTableController.m in Sources */,
				BE5ED7FC1E62B90900C4B1D0 /* UserModel.m in Sources */,
				BE5496AA1E60321C00A19940 /* RequestUtil.m in Sources */,
				BE8FA4E81E646C2D00F92C46 /* ArticleModel.m in Sources */,
				BEAAA5F51E5D7D84008943EC /* HTNavgationController.m in Sources */,
				BEE8EED71E63CAB0008FD2D4 /* MeController.m in Sources */,
				BE5ED79A1E619C3600C4B1D0 /* BaseViewController.m in Sources */,
				BEC06DB91E5C76F500667D73 /* main.m in Sources */,
				BE5B80421E5F2783005FDE1A /* SectionHeaderTitle.m in Sources */,
				BE5ED7E81E62B29000C4B1D0 /* SecurityUtil.m in Sources */,
				BE5ED79D1E619E6A00C4B1D0 /* BaseTableViewController.m in Sources */,
				BED604BF1E5DF7E6002BB119 /* HTCustomeSearchBar.m in Sources */,
				BE2FDFCC1E61219B00A96E17 /* HomwTableHeader.m in Sources */,
				BE5B803E1E5F1F12005FDE1A /* HotArticleCell.m in Sources */,
				BE59A47C1E63D8520077D9AD /* MeSettingTableController.m in Sources */,
				BE5ED7FB1E62B90900C4B1D0 /* RegisterController.m in Sources */,
				BEE29C5D1E5E814800DF3782 /* HTSearchHistoryController.m in Sources */,
				BE5ED7C31E62579700C4B1D0 /* NSString+Extentsion.m in Sources */,
				BE8FA4E21E645E6B00F92C46 /* DataUtil.m in Sources */,
				BE5ED7B01E61C06000C4B1D0 /* UIImage+Color.m in Sources */,
				BE5ED7FA1E62B90900C4B1D0 /* PwdBackController.m in Sources */,
				BE8FA4E51E6460F500F92C46 /* User.m in Sources */,
				BE5ED7F91E62B90900C4B1D0 /* PasswordBackController.m in Sources */,
				BE5ED7AA1E61B3F700C4B1D0 /* Reachability.m in Sources */,
				BEC06DDC1E5C79C700667D73 /* HTTabbarController.m in Sources */,
			);
			runOnlyForDeploymentPostprocessing = 0;
		};
/* End PBXSourcesBuildPhase section */

/* Begin PBXVariantGroup section */
		BE30997B1E5C71AE0062EBA9 /* Main.storyboard */ = {
			isa = PBXVariantGroup;
			children = (
				BE30997C1E5C71AE0062EBA9 /* Base */,
				BED016A81E5EFD120033154D /* zh-Hans */,
			);
			name = Main.storyboard;
			sourceTree = "<group>";
		};
		BE3099801E5C71AE0062EBA9 /* LaunchScreen.storyboard */ = {
			isa = PBXVariantGroup;
			children = (
				BE3099811E5C71AE0062EBA9 /* Base */,
				BED016A71E5EFD120033154D /* zh-Hans */,
			);
			name = LaunchScreen.storyboard;
			sourceTree = "<group>";
		};
/* End PBXVariantGroup section */

/* Begin XCBuildConfiguration section */
		BE3099841E5C71AE0062EBA9 /* Debug */ = {
			isa = XCBuildConfiguration;
			buildSettings = {
				ALWAYS_SEARCH_USER_PATHS = NO;
				CLANG_ANALYZER_LOCALIZABILITY_NONLOCALIZED = YES;
				CLANG_ANALYZER_NONNULL = YES;
				CLANG_CXX_LANGUAGE_STANDARD = "gnu++0x";
				CLANG_CXX_LIBRARY = "libc++";
				CLANG_ENABLE_MODULES = YES;
				CLANG_ENABLE_OBJC_ARC = YES;
				CLANG_WARN_BOOL_CONVERSION = YES;
				CLANG_WARN_CONSTANT_CONVERSION = YES;
				CLANG_WARN_DIRECT_OBJC_ISA_USAGE = YES_ERROR;
				CLANG_WARN_DOCUMENTATION_COMMENTS = YES;
				CLANG_WARN_EMPTY_BODY = YES;
				CLANG_WARN_ENUM_CONVERSION = YES;
				CLANG_WARN_INFINITE_RECURSION = YES;
				CLANG_WARN_INT_CONVERSION = YES;
				CLANG_WARN_OBJC_ROOT_CLASS = YES_ERROR;
				CLANG_WARN_SUSPICIOUS_MOVE = YES;
				CLANG_WARN_UNREACHABLE_CODE = YES;
				CLANG_WARN__DUPLICATE_METHOD_MATCH = YES;
				"CODE_SIGN_IDENTITY[sdk=iphoneos*]" = "iPhone Developer";
				COPY_PHASE_STRIP = NO;
				DEBUG_INFORMATION_FORMAT = dwarf;
				ENABLE_STRICT_OBJC_MSGSEND = YES;
				ENABLE_TESTABILITY = YES;
				GCC_C_LANGUAGE_STANDARD = gnu99;
				GCC_DYNAMIC_NO_PIC = NO;
				GCC_NO_COMMON_BLOCKS = YES;
				GCC_OPTIMIZATION_LEVEL = 0;
				GCC_PREPROCESSOR_DEFINITIONS = (
					"DEBUG=1",
					"$(inherited)",
				);
				GCC_WARN_64_TO_32_BIT_CONVERSION = YES;
				GCC_WARN_ABOUT_RETURN_TYPE = YES_ERROR;
				GCC_WARN_UNDECLARED_SELECTOR = YES;
				GCC_WARN_UNINITIALIZED_AUTOS = YES_AGGRESSIVE;
				GCC_WARN_UNUSED_FUNCTION = YES;
				GCC_WARN_UNUSED_VARIABLE = YES;
				IPHONEOS_DEPLOYMENT_TARGET = 10.2;
				MTL_ENABLE_DEBUG_INFO = YES;
				ONLY_ACTIVE_ARCH = YES;
				SDKROOT = iphoneos;
			};
			name = Debug;
		};
		BE3099851E5C71AE0062EBA9 /* Release */ = {
			isa = XCBuildConfiguration;
			buildSettings = {
				ALWAYS_SEARCH_USER_PATHS = NO;
				CLANG_ANALYZER_LOCALIZABILITY_NONLOCALIZED = YES;
				CLANG_ANALYZER_NONNULL = YES;
				CLANG_CXX_LANGUAGE_STANDARD = "gnu++0x";
				CLANG_CXX_LIBRARY = "libc++";
				CLANG_ENABLE_MODULES = YES;
				CLANG_ENABLE_OBJC_ARC = YES;
				CLANG_WARN_BOOL_CONVERSION = YES;
				CLANG_WARN_CONSTANT_CONVERSION = YES;
				CLANG_WARN_DIRECT_OBJC_ISA_USAGE = YES_ERROR;
				CLANG_WARN_DOCUMENTATION_COMMENTS = YES;
				CLANG_WARN_EMPTY_BODY = YES;
				CLANG_WARN_ENUM_CONVERSION = YES;
				CLANG_WARN_INFINITE_RECURSION = YES;
				CLANG_WARN_INT_CONVERSION = YES;
				CLANG_WARN_OBJC_ROOT_CLASS = YES_ERROR;
				CLANG_WARN_SUSPICIOUS_MOVE = YES;
				CLANG_WARN_UNREACHABLE_CODE = YES;
				CLANG_WARN__DUPLICATE_METHOD_MATCH = YES;
				"CODE_SIGN_IDENTITY[sdk=iphoneos*]" = "iPhone Developer";
				COPY_PHASE_STRIP = NO;
				DEBUG_INFORMATION_FORMAT = "dwarf-with-dsym";
				ENABLE_NS_ASSERTIONS = NO;
				ENABLE_STRICT_OBJC_MSGSEND = YES;
				GCC_C_LANGUAGE_STANDARD = gnu99;
				GCC_NO_COMMON_BLOCKS = YES;
				GCC_WARN_64_TO_32_BIT_CONVERSION = YES;
				GCC_WARN_ABOUT_RETURN_TYPE = YES_ERROR;
				GCC_WARN_UNDECLARED_SELECTOR = YES;
				GCC_WARN_UNINITIALIZED_AUTOS = YES_AGGRESSIVE;
				GCC_WARN_UNUSED_FUNCTION = YES;
				GCC_WARN_UNUSED_VARIABLE = YES;
				IPHONEOS_DEPLOYMENT_TARGET = 10.2;
				MTL_ENABLE_DEBUG_INFO = NO;
				SDKROOT = iphoneos;
				VALIDATE_PRODUCT = YES;
			};
			name = Release;
		};
		BE3099871E5C71AE0062EBA9 /* Debug */ = {
			isa = XCBuildConfiguration;
			baseConfigurationReference = 3FAB3FE170A80D905C8EBAD6 /* Pods-PotatoMall.debug.xcconfig */;
			buildSettings = {
				ASSETCATALOG_COMPILER_APPICON_NAME = AppIcon;
				DEVELOPMENT_TEAM = YTV9736654;
				GCC_PRECOMPILE_PREFIX_HEADER = YES;
				GCC_PREFIX_HEADER = "$(SRCROOT)/PotatoMall/Classes/Base/other/TuDouPrefixHeader.pch";
				INFOPLIST_FILE = PotatoMall/Info.plist;
				IPHONEOS_DEPLOYMENT_TARGET = 9.0;
				LD_RUNPATH_SEARCH_PATHS = "$(inherited) @executable_path/Frameworks";
				PRODUCT_BUNDLE_IDENTIFIER = com.xianz.PotatoMall;
				PRODUCT_NAME = "$(TARGET_NAME)";
			};
			name = Debug;
		};
		BE3099881E5C71AE0062EBA9 /* Release */ = {
			isa = XCBuildConfiguration;
			baseConfigurationReference = 81D94E15617EABD70CA237FA /* Pods-PotatoMall.release.xcconfig */;
			buildSettings = {
				ASSETCATALOG_COMPILER_APPICON_NAME = AppIcon;
				DEVELOPMENT_TEAM = YTV9736654;
				GCC_PRECOMPILE_PREFIX_HEADER = YES;
				GCC_PREFIX_HEADER = "$(SRCROOT)/PotatoMall/Classes/Base/other/TuDouPrefixHeader.pch";
				INFOPLIST_FILE = PotatoMall/Info.plist;
				IPHONEOS_DEPLOYMENT_TARGET = 9.0;
				LD_RUNPATH_SEARCH_PATHS = "$(inherited) @executable_path/Frameworks";
				PRODUCT_BUNDLE_IDENTIFIER = com.xianz.PotatoMall;
				PRODUCT_NAME = "$(TARGET_NAME)";
			};
			name = Release;
		};
/* End XCBuildConfiguration section */

/* Begin XCConfigurationList section */
		BE30996A1E5C71AD0062EBA9 /* Build configuration list for PBXProject "PotatoMall" */ = {
			isa = XCConfigurationList;
			buildConfigurations = (
				BE3099841E5C71AE0062EBA9 /* Debug */,
				BE3099851E5C71AE0062EBA9 /* Release */,
			);
			defaultConfigurationIsVisible = 0;
			defaultConfigurationName = Release;
		};
		BE3099861E5C71AE0062EBA9 /* Build configuration list for PBXNativeTarget "PotatoMall" */ = {
			isa = XCConfigurationList;
			buildConfigurations = (
				BE3099871E5C71AE0062EBA9 /* Debug */,
				BE3099881E5C71AE0062EBA9 /* Release */,
			);
			defaultConfigurationIsVisible = 0;
			defaultConfigurationName = Release;
		};
/* End XCConfigurationList section */
	};
	rootObject = BE3099671E5C71AD0062EBA9 /* Project object */;
}
